// !$*UTF8*$!
{
	archiveVersion = 1;
	classes = {
	};
	objectVersion = 56;
	objects = {

/* Begin PBXBuildFile section */
		C159551729239CBD00F76A1A /* UImageView.swift in Sources */ = {isa = PBXBuildFile; fileRef = C159551629239CBD00F76A1A /* UImageView.swift */; };
		C15BA602291AAC7300E0CF95 /* HomeViewController.xib in Resources */ = {isa = PBXBuildFile; fileRef = C15BA601291AAC7300E0CF95 /* HomeViewController.xib */; };
		C15BA60C291AAD8700E0CF95 /* ListViewModel.swift in Sources */ = {isa = PBXBuildFile; fileRef = C15BA606291AAD8700E0CF95 /* ListViewModel.swift */; };
		C15BA60D291AAD8700E0CF95 /* ListViewController.xib in Resources */ = {isa = PBXBuildFile; fileRef = C15BA607291AAD8700E0CF95 /* ListViewController.xib */; };
		C15BA60E291AAD8700E0CF95 /* ListViewController.swift in Sources */ = {isa = PBXBuildFile; fileRef = C15BA608291AAD8700E0CF95 /* ListViewController.swift */; };
		C15BA60F291AAD8700E0CF95 /* ListRouter.swift in Sources */ = {isa = PBXBuildFile; fileRef = C15BA609291AAD8700E0CF95 /* ListRouter.swift */; };
		C15BA610291AAD8700E0CF95 /* ListBuilder.swift in Sources */ = {isa = PBXBuildFile; fileRef = C15BA60A291AAD8700E0CF95 /* ListBuilder.swift */; };
		C15BA611291AAD8700E0CF95 /* ListProtocols.swift in Sources */ = {isa = PBXBuildFile; fileRef = C15BA60B291AAD8700E0CF95 /* ListProtocols.swift */; };
		C174B32829F6C62100176AD4 /* RickAndMortyCharacterCell.swift in Sources */ = {isa = PBXBuildFile; fileRef = C174B32629F6C62100176AD4 /* RickAndMortyCharacterCell.swift */; };
		C174B32929F6C62100176AD4 /* RickAndMortyCharacterCell.xib in Resources */ = {isa = PBXBuildFile; fileRef = C174B32729F6C62100176AD4 /* RickAndMortyCharacterCell.xib */; };
		C178031D291673D800E9E0AE /* AppDelegate.swift in Sources */ = {isa = PBXBuildFile; fileRef = C178031C291673D800E9E0AE /* AppDelegate.swift */; };
		C178031F291673D800E9E0AE /* SceneDelegate.swift in Sources */ = {isa = PBXBuildFile; fileRef = C178031E291673D800E9E0AE /* SceneDelegate.swift */; };
		C1780326291673DA00E9E0AE /* Assets.xcassets in Resources */ = {isa = PBXBuildFile; fileRef = C1780325291673DA00E9E0AE /* Assets.xcassets */; };
		C1780329291673DA00E9E0AE /* LaunchScreen.storyboard in Resources */ = {isa = PBXBuildFile; fileRef = C1780327291673DA00E9E0AE /* LaunchScreen.storyboard */; };
		C18C4E95291EE5A6005D2850 /* README.md in Resources */ = {isa = PBXBuildFile; fileRef = C18C4E94291EE5A6005D2850 /* README.md */; };
		C1B3A23D2BD1494E00961445 /* CharacterUseCaseProtocol.swift in Sources */ = {isa = PBXBuildFile; fileRef = C1B3A2242BD1494E00961445 /* CharacterUseCaseProtocol.swift */; };
		C1B3A23E2BD1494E00961445 /* CharacterUseCase.swift in Sources */ = {isa = PBXBuildFile; fileRef = C1B3A2252BD1494E00961445 /* CharacterUseCase.swift */; };
		C1B3A23F2BD1494E00961445 /* Character.swift in Sources */ = {isa = PBXBuildFile; fileRef = C1B3A2272BD1494E00961445 /* Character.swift */; };
		C1B3A2402BD1494E00961445 /* Pagination.swift in Sources */ = {isa = PBXBuildFile; fileRef = C1B3A2282BD1494E00961445 /* Pagination.swift */; };
		C1B3A2432BD1494E00961445 /* RMCharacterDataSourceProtocol.swift in Sources */ = {isa = PBXBuildFile; fileRef = C1B3A2312BD1494E00961445 /* RMCharacterDataSourceProtocol.swift */; };
		C1B3A2442BD1494E00961445 /* RMCharacterDTO.swift in Sources */ = {isa = PBXBuildFile; fileRef = C1B3A2342BD1494E00961445 /* RMCharacterDTO.swift */; };
		C1B3A2452BD1494E00961445 /* PaginationDTO.swift in Sources */ = {isa = PBXBuildFile; fileRef = C1B3A2352BD1494E00961445 /* PaginationDTO.swift */; };
		C1B3A2462BD1494E00961445 /* RMRemoteDataSource.swift in Sources */ = {isa = PBXBuildFile; fileRef = C1B3A2362BD1494E00961445 /* RMRemoteDataSource.swift */; };
		C1B3A2472BD1494E00961445 /* CharacterRepository.swift in Sources */ = {isa = PBXBuildFile; fileRef = C1B3A2392BD1494E00961445 /* CharacterRepository.swift */; };
		C1B3A2482BD1494E00961445 /* CharacterMapper.swift in Sources */ = {isa = PBXBuildFile; fileRef = C1B3A23B2BD1494E00961445 /* CharacterMapper.swift */; };
		C1B3A2492BD1494E00961445 /* CharacterRepositoryProtocol.swift in Sources */ = {isa = PBXBuildFile; fileRef = C1B3A23C2BD1494E00961445 /* CharacterRepositoryProtocol.swift */; };
		C1B3A2572BD1499300961445 /* NetworkManager.swift in Sources */ = {isa = PBXBuildFile; fileRef = C1B3A24D2BD1499300961445 /* NetworkManager.swift */; };
		C1B3A2582BD1499300961445 /* RemoteManagerProtocol.swift in Sources */ = {isa = PBXBuildFile; fileRef = C1B3A24E2BD1499300961445 /* RemoteManagerProtocol.swift */; };
		C1B3A2592BD1499300961445 /* UserDefaultsManager.swift in Sources */ = {isa = PBXBuildFile; fileRef = C1B3A2512BD1499300961445 /* UserDefaultsManager.swift */; };
		C1B3A25A2BD1499300961445 /* LocalManagerProtocol.swift in Sources */ = {isa = PBXBuildFile; fileRef = C1B3A2522BD1499300961445 /* LocalManagerProtocol.swift */; };
		C1D3C3382917B340000C522C /* HomeViewController.swift in Sources */ = {isa = PBXBuildFile; fileRef = C1D3C3372917B340000C522C /* HomeViewController.swift */; };
		C1D3C33D2917B69C000C522C /* BaseViewController.swift in Sources */ = {isa = PBXBuildFile; fileRef = C1D3C33C2917B69C000C522C /* BaseViewController.swift */; };
		C1D3C33F2917B6EA000C522C /* HomeBuilder.swift in Sources */ = {isa = PBXBuildFile; fileRef = C1D3C33E2917B6EA000C522C /* HomeBuilder.swift */; };
		C1D3C3412917B720000C522C /* HomeProtocols.swift in Sources */ = {isa = PBXBuildFile; fileRef = C1D3C3402917B720000C522C /* HomeProtocols.swift */; };
		C1D3C3452917B816000C522C /* HomeViewModel.swift in Sources */ = {isa = PBXBuildFile; fileRef = C1D3C3442917B816000C522C /* HomeViewModel.swift */; };
		C1D3C3492917B952000C522C /* HomeRouter.swift in Sources */ = {isa = PBXBuildFile; fileRef = C1D3C3482917B952000C522C /* HomeRouter.swift */; };
		C1D3C34F2919018C000C522C /* Container.swift in Sources */ = {isa = PBXBuildFile; fileRef = C1D3C34E2919018C000C522C /* Container.swift */; };
/* End PBXBuildFile section */

/* Begin PBXFileReference section */
		C159551629239CBD00F76A1A /* UImageView.swift */ = {isa = PBXFileReference; lastKnownFileType = sourcecode.swift; path = UImageView.swift; sourceTree = "<group>"; };
		C15BA601291AAC7300E0CF95 /* HomeViewController.xib */ = {isa = PBXFileReference; lastKnownFileType = file.xib; path = HomeViewController.xib; sourceTree = "<group>"; };
		C15BA606291AAD8700E0CF95 /* ListViewModel.swift */ = {isa = PBXFileReference; fileEncoding = 4; lastKnownFileType = sourcecode.swift; path = ListViewModel.swift; sourceTree = "<group>"; };
		C15BA607291AAD8700E0CF95 /* ListViewController.xib */ = {isa = PBXFileReference; fileEncoding = 4; lastKnownFileType = file.xib; path = ListViewController.xib; sourceTree = "<group>"; };
		C15BA608291AAD8700E0CF95 /* ListViewController.swift */ = {isa = PBXFileReference; fileEncoding = 4; lastKnownFileType = sourcecode.swift; path = ListViewController.swift; sourceTree = "<group>"; };
		C15BA609291AAD8700E0CF95 /* ListRouter.swift */ = {isa = PBXFileReference; fileEncoding = 4; lastKnownFileType = sourcecode.swift; path = ListRouter.swift; sourceTree = "<group>"; };
		C15BA60A291AAD8700E0CF95 /* ListBuilder.swift */ = {isa = PBXFileReference; fileEncoding = 4; lastKnownFileType = sourcecode.swift; path = ListBuilder.swift; sourceTree = "<group>"; };
		C15BA60B291AAD8700E0CF95 /* ListProtocols.swift */ = {isa = PBXFileReference; fileEncoding = 4; lastKnownFileType = sourcecode.swift; path = ListProtocols.swift; sourceTree = "<group>"; };
		C174B32629F6C62100176AD4 /* RickAndMortyCharacterCell.swift */ = {isa = PBXFileReference; lastKnownFileType = sourcecode.swift; path = RickAndMortyCharacterCell.swift; sourceTree = "<group>"; };
		C174B32729F6C62100176AD4 /* RickAndMortyCharacterCell.xib */ = {isa = PBXFileReference; lastKnownFileType = file.xib; path = RickAndMortyCharacterCell.xib; sourceTree = "<group>"; };
		C1780319291673D800E9E0AE /* clean.app */ = {isa = PBXFileReference; explicitFileType = wrapper.application; includeInIndex = 0; path = clean.app; sourceTree = BUILT_PRODUCTS_DIR; };
		C178031C291673D800E9E0AE /* AppDelegate.swift */ = {isa = PBXFileReference; lastKnownFileType = sourcecode.swift; path = AppDelegate.swift; sourceTree = "<group>"; };
		C178031E291673D800E9E0AE /* SceneDelegate.swift */ = {isa = PBXFileReference; lastKnownFileType = sourcecode.swift; path = SceneDelegate.swift; sourceTree = "<group>"; };
		C1780325291673DA00E9E0AE /* Assets.xcassets */ = {isa = PBXFileReference; lastKnownFileType = folder.assetcatalog; path = Assets.xcassets; sourceTree = "<group>"; };
		C1780328291673DA00E9E0AE /* Base */ = {isa = PBXFileReference; lastKnownFileType = file.storyboard; name = Base; path = Base.lproj/LaunchScreen.storyboard; sourceTree = "<group>"; };
		C178032A291673DA00E9E0AE /* Info.plist */ = {isa = PBXFileReference; lastKnownFileType = text.plist.xml; path = Info.plist; sourceTree = "<group>"; };
		C18C4E94291EE5A6005D2850 /* README.md */ = {isa = PBXFileReference; fileEncoding = 4; lastKnownFileType = net.daringfireball.markdown; path = README.md; sourceTree = "<group>"; };
		C1B3A2242BD1494E00961445 /* CharacterUseCaseProtocol.swift */ = {isa = PBXFileReference; fileEncoding = 4; lastKnownFileType = sourcecode.swift; path = CharacterUseCaseProtocol.swift; sourceTree = "<group>"; };
		C1B3A2252BD1494E00961445 /* CharacterUseCase.swift */ = {isa = PBXFileReference; fileEncoding = 4; lastKnownFileType = sourcecode.swift; path = CharacterUseCase.swift; sourceTree = "<group>"; };
		C1B3A2272BD1494E00961445 /* Character.swift */ = {isa = PBXFileReference; fileEncoding = 4; lastKnownFileType = sourcecode.swift; path = Character.swift; sourceTree = "<group>"; };
		C1B3A2282BD1494E00961445 /* Pagination.swift */ = {isa = PBXFileReference; fileEncoding = 4; lastKnownFileType = sourcecode.swift; path = Pagination.swift; sourceTree = "<group>"; };
		C1B3A2312BD1494E00961445 /* RMCharacterDataSourceProtocol.swift */ = {isa = PBXFileReference; fileEncoding = 4; lastKnownFileType = sourcecode.swift; path = RMCharacterDataSourceProtocol.swift; sourceTree = "<group>"; };
		C1B3A2342BD1494E00961445 /* RMCharacterDTO.swift */ = {isa = PBXFileReference; fileEncoding = 4; lastKnownFileType = sourcecode.swift; path = RMCharacterDTO.swift; sourceTree = "<group>"; };
		C1B3A2352BD1494E00961445 /* PaginationDTO.swift */ = {isa = PBXFileReference; fileEncoding = 4; lastKnownFileType = sourcecode.swift; path = PaginationDTO.swift; sourceTree = "<group>"; };
		C1B3A2362BD1494E00961445 /* RMRemoteDataSource.swift */ = {isa = PBXFileReference; fileEncoding = 4; lastKnownFileType = sourcecode.swift; path = RMRemoteDataSource.swift; sourceTree = "<group>"; };
		C1B3A2392BD1494E00961445 /* CharacterRepository.swift */ = {isa = PBXFileReference; fileEncoding = 4; lastKnownFileType = sourcecode.swift; path = CharacterRepository.swift; sourceTree = "<group>"; };
		C1B3A23B2BD1494E00961445 /* CharacterMapper.swift */ = {isa = PBXFileReference; fileEncoding = 4; lastKnownFileType = sourcecode.swift; path = CharacterMapper.swift; sourceTree = "<group>"; };
		C1B3A23C2BD1494E00961445 /* CharacterRepositoryProtocol.swift */ = {isa = PBXFileReference; fileEncoding = 4; lastKnownFileType = sourcecode.swift; path = CharacterRepositoryProtocol.swift; sourceTree = "<group>"; };
		C1B3A24D2BD1499300961445 /* NetworkManager.swift */ = {isa = PBXFileReference; fileEncoding = 4; lastKnownFileType = sourcecode.swift; path = NetworkManager.swift; sourceTree = "<group>"; };
		C1B3A24E2BD1499300961445 /* RemoteManagerProtocol.swift */ = {isa = PBXFileReference; fileEncoding = 4; lastKnownFileType = sourcecode.swift; path = RemoteManagerProtocol.swift; sourceTree = "<group>"; };
		C1B3A2512BD1499300961445 /* UserDefaultsManager.swift */ = {isa = PBXFileReference; fileEncoding = 4; lastKnownFileType = sourcecode.swift; path = UserDefaultsManager.swift; sourceTree = "<group>"; };
		C1B3A2522BD1499300961445 /* LocalManagerProtocol.swift */ = {isa = PBXFileReference; fileEncoding = 4; lastKnownFileType = sourcecode.swift; path = LocalManagerProtocol.swift; sourceTree = "<group>"; };
		C1CBB3022A043C7C00CEEFA2 /* README_EN.md */ = {isa = PBXFileReference; lastKnownFileType = net.daringfireball.markdown; path = README_EN.md; sourceTree = "<group>"; };
		C1D3C3372917B340000C522C /* HomeViewController.swift */ = {isa = PBXFileReference; lastKnownFileType = sourcecode.swift; path = HomeViewController.swift; sourceTree = "<group>"; };
		C1D3C33C2917B69C000C522C /* BaseViewController.swift */ = {isa = PBXFileReference; lastKnownFileType = sourcecode.swift; path = BaseViewController.swift; sourceTree = "<group>"; };
		C1D3C33E2917B6EA000C522C /* HomeBuilder.swift */ = {isa = PBXFileReference; lastKnownFileType = sourcecode.swift; path = HomeBuilder.swift; sourceTree = "<group>"; };
		C1D3C3402917B720000C522C /* HomeProtocols.swift */ = {isa = PBXFileReference; lastKnownFileType = sourcecode.swift; path = HomeProtocols.swift; sourceTree = "<group>"; };
		C1D3C3442917B816000C522C /* HomeViewModel.swift */ = {isa = PBXFileReference; lastKnownFileType = sourcecode.swift; path = HomeViewModel.swift; sourceTree = "<group>"; };
		C1D3C3482917B952000C522C /* HomeRouter.swift */ = {isa = PBXFileReference; lastKnownFileType = sourcecode.swift; path = HomeRouter.swift; sourceTree = "<group>"; };
		C1D3C34E2919018C000C522C /* Container.swift */ = {isa = PBXFileReference; lastKnownFileType = sourcecode.swift; path = Container.swift; sourceTree = "<group>"; };
/* End PBXFileReference section */

/* Begin PBXFrameworksBuildPhase section */
		C1780316291673D800E9E0AE /* Frameworks */ = {
			isa = PBXFrameworksBuildPhase;
			buildActionMask = 2147483647;
			files = (
			);
			runOnlyForDeploymentPostprocessing = 0;
		};
/* End PBXFrameworksBuildPhase section */

/* Begin PBXGroup section */
		C159551529239CAA00F76A1A /* Helper */ = {
			isa = PBXGroup;
			children = (
				C1D3C33C2917B69C000C522C /* BaseViewController.swift */,
				C159551629239CBD00F76A1A /* UImageView.swift */,
			);
			path = Helper;
			sourceTree = "<group>";
		};
		C15BA605291AAD8700E0CF95 /* List */ = {
			isa = PBXGroup;
			children = (
				C18C4E96292011CF005D2850 /* Cell */,
				C15BA60A291AAD8700E0CF95 /* ListBuilder.swift */,
				C15BA60B291AAD8700E0CF95 /* ListProtocols.swift */,
				C15BA609291AAD8700E0CF95 /* ListRouter.swift */,
				C15BA606291AAD8700E0CF95 /* ListViewModel.swift */,
				C15BA608291AAD8700E0CF95 /* ListViewController.swift */,
				C15BA607291AAD8700E0CF95 /* ListViewController.xib */,
			);
			path = List;
			sourceTree = "<group>";
		};
		C174B32529F6C57900176AD4 /* RickAndMortyCell */ = {
			isa = PBXGroup;
			children = (
				C174B32629F6C62100176AD4 /* RickAndMortyCharacterCell.swift */,
				C174B32729F6C62100176AD4 /* RickAndMortyCharacterCell.xib */,
			);
			path = RickAndMortyCell;
			sourceTree = "<group>";
		};
		C1780310291673D800E9E0AE = {
			isa = PBXGroup;
			children = (
				C18C4E94291EE5A6005D2850 /* README.md */,
				C1CBB3022A043C7C00CEEFA2 /* README_EN.md */,
				C178031B291673D800E9E0AE /* clean */,
				C178031A291673D800E9E0AE /* Products */,
			);
			sourceTree = "<group>";
		};
		C178031A291673D800E9E0AE /* Products */ = {
			isa = PBXGroup;
			children = (
				C1780319291673D800E9E0AE /* clean.app */,
			);
			name = Products;
			sourceTree = "<group>";
		};
		C178031B291673D800E9E0AE /* clean */ = {
			isa = PBXGroup;
			children = (
				C1B3A24A2BD1499300961445 /* Manager */,
				C1B3A2292BD1494E00961445 /* Data */,
				C1B3A2212BD1494E00961445 /* Domain */,
				C159551529239CAA00F76A1A /* Helper */,
				C1D3C34D2919017E000C522C /* DI */,
				C1D3C32429167401000C522C /* Presentation */,
				C1E97E9D292569970086F3A8 /* Resources */,
			);
			path = clean;
			sourceTree = "<group>";
		};
		C18C4E96292011CF005D2850 /* Cell */ = {
			isa = PBXGroup;
			children = (
				C174B32529F6C57900176AD4 /* RickAndMortyCell */,
			);
			path = Cell;
			sourceTree = "<group>";
		};
		C1B3A2212BD1494E00961445 /* Domain */ = {
			isa = PBXGroup;
			children = (
				C1B3A25D2BD149BD00961445 /* Repositories */,
				C1B3A2222BD1494E00961445 /* UseCases */,
				C1B3A2262BD1494E00961445 /* Entities */,
			);
			path = Domain;
			sourceTree = "<group>";
		};
		C1B3A2222BD1494E00961445 /* UseCases */ = {
			isa = PBXGroup;
			children = (
				C1B3A2232BD1494E00961445 /* Character */,
			);
			path = UseCases;
			sourceTree = "<group>";
		};
		C1B3A2232BD1494E00961445 /* Character */ = {
			isa = PBXGroup;
			children = (
				C1B3A2242BD1494E00961445 /* CharacterUseCaseProtocol.swift */,
				C1B3A2252BD1494E00961445 /* CharacterUseCase.swift */,
			);
			path = Character;
			sourceTree = "<group>";
		};
		C1B3A2262BD1494E00961445 /* Entities */ = {
			isa = PBXGroup;
			children = (
				C1B3A2272BD1494E00961445 /* Character.swift */,
				C1B3A2282BD1494E00961445 /* Pagination.swift */,
			);
			path = Entities;
			sourceTree = "<group>";
		};
		C1B3A2292BD1494E00961445 /* Data */ = {
			isa = PBXGroup;
			children = (
				C1B3A22A2BD1494E00961445 /* DataSource */,
				C1B3A2372BD1494E00961445 /* Repositories */,
			);
			path = Data;
			sourceTree = "<group>";
		};
		C1B3A22A2BD1494E00961445 /* DataSource */ = {
			isa = PBXGroup;
			children = (
				C1B3A22B2BD1494E00961445 /* Character */,
			);
			path = DataSource;
			sourceTree = "<group>";
		};
		C1B3A22B2BD1494E00961445 /* Character */ = {
			isa = PBXGroup;
			children = (
				C1B3A2302BD1494E00961445 /* Remote */,
			);
			path = Character;
			sourceTree = "<group>";
		};
		C1B3A2302BD1494E00961445 /* Remote */ = {
			isa = PBXGroup;
			children = (
				C1B3A2312BD1494E00961445 /* RMCharacterDataSourceProtocol.swift */,
				C1B3A2322BD1494E00961445 /* RickAndMorty */,
			);
			path = Remote;
			sourceTree = "<group>";
		};
		C1B3A2322BD1494E00961445 /* RickAndMorty */ = {
			isa = PBXGroup;
			children = (
				C1B3A2332BD1494E00961445 /* DTOs */,
				C1B3A2362BD1494E00961445 /* RMRemoteDataSource.swift */,
			);
			path = RickAndMorty;
			sourceTree = "<group>";
		};
		C1B3A2332BD1494E00961445 /* DTOs */ = {
			isa = PBXGroup;
			children = (
				C1B3A2342BD1494E00961445 /* RMCharacterDTO.swift */,
				C1B3A2352BD1494E00961445 /* PaginationDTO.swift */,
			);
			path = DTOs;
			sourceTree = "<group>";
		};
		C1B3A2372BD1494E00961445 /* Repositories */ = {
			isa = PBXGroup;
			children = (
				C1B3A2382BD1494E00961445 /* Character */,
			);
			path = Repositories;
			sourceTree = "<group>";
		};
		C1B3A2382BD1494E00961445 /* Character */ = {
			isa = PBXGroup;
			children = (
				C1B3A2392BD1494E00961445 /* CharacterRepository.swift */,
				C1B3A23A2BD1494E00961445 /* Mapper */,
			);
			path = Character;
			sourceTree = "<group>";
		};
		C1B3A23A2BD1494E00961445 /* Mapper */ = {
			isa = PBXGroup;
			children = (
				C1B3A23B2BD1494E00961445 /* CharacterMapper.swift */,
			);
			path = Mapper;
			sourceTree = "<group>";
		};
		C1B3A24A2BD1499300961445 /* Manager */ = {
			isa = PBXGroup;
			children = (
				C1B3A24B2BD1499300961445 /* NetworkManager */,
				C1B3A24F2BD1499300961445 /* LocalManager */,
			);
			path = Manager;
			sourceTree = "<group>";
		};
		C1B3A24B2BD1499300961445 /* NetworkManager */ = {
			isa = PBXGroup;
			children = (
				C1B3A24C2BD1499300961445 /* URLSession */,
				C1B3A24E2BD1499300961445 /* RemoteManagerProtocol.swift */,
			);
			path = NetworkManager;
			sourceTree = "<group>";
		};
		C1B3A24C2BD1499300961445 /* URLSession */ = {
			isa = PBXGroup;
			children = (
				C1B3A24D2BD1499300961445 /* NetworkManager.swift */,
			);
			path = URLSession;
			sourceTree = "<group>";
		};
		C1B3A24F2BD1499300961445 /* LocalManager */ = {
			isa = PBXGroup;
			children = (
				C1B3A2502BD1499300961445 /* UserDefaults */,
				C1B3A2522BD1499300961445 /* LocalManagerProtocol.swift */,
			);
			path = LocalManager;
			sourceTree = "<group>";
		};
		C1B3A2502BD1499300961445 /* UserDefaults */ = {
			isa = PBXGroup;
			children = (
				C1B3A2512BD1499300961445 /* UserDefaultsManager.swift */,
			);
			path = UserDefaults;
			sourceTree = "<group>";
		};
		C1B3A25D2BD149BD00961445 /* Repositories */ = {
			isa = PBXGroup;
			children = (
				C1B3A23C2BD1494E00961445 /* CharacterRepositoryProtocol.swift */,
			);
			path = Repositories;
			sourceTree = "<group>";
		};
		C1D3C32429167401000C522C /* Presentation */ = {
			isa = PBXGroup;
			children = (
				C1D3C3252916740B000C522C /* App */,
				C1D3C32C2917B229000C522C /* Modules */,
			);
			path = Presentation;
			sourceTree = "<group>";
		};
		C1D3C3252916740B000C522C /* App */ = {
			isa = PBXGroup;
			children = (
				C178031C291673D800E9E0AE /* AppDelegate.swift */,
				C178031E291673D800E9E0AE /* SceneDelegate.swift */,
			);
			path = App;
			sourceTree = "<group>";
		};
		C1D3C32C2917B229000C522C /* Modules */ = {
			isa = PBXGroup;
			children = (
				C15BA605291AAD8700E0CF95 /* List */,
				C1D3C3362917B30E000C522C /* Home */,
			);
			path = Modules;
			sourceTree = "<group>";
		};
		C1D3C3362917B30E000C522C /* Home */ = {
			isa = PBXGroup;
			children = (
				C1D3C33E2917B6EA000C522C /* HomeBuilder.swift */,
				C1D3C3402917B720000C522C /* HomeProtocols.swift */,
				C1D3C3482917B952000C522C /* HomeRouter.swift */,
				C1D3C3442917B816000C522C /* HomeViewModel.swift */,
				C1D3C3372917B340000C522C /* HomeViewController.swift */,
				C15BA601291AAC7300E0CF95 /* HomeViewController.xib */,
			);
			path = Home;
			sourceTree = "<group>";
		};
		C1D3C34D2919017E000C522C /* DI */ = {
			isa = PBXGroup;
			children = (
				C1D3C34E2919018C000C522C /* Container.swift */,
			);
			path = DI;
			sourceTree = "<group>";
		};
		C1E97E9D292569970086F3A8 /* Resources */ = {
			isa = PBXGroup;
			children = (
				C1780327291673DA00E9E0AE /* LaunchScreen.storyboard */,
				C1780325291673DA00E9E0AE /* Assets.xcassets */,
				C178032A291673DA00E9E0AE /* Info.plist */,
			);
			path = Resources;
			sourceTree = "<group>";
		};
/* End PBXGroup section */

/* Begin PBXNativeTarget section */
		C1780318291673D800E9E0AE /* clean */ = {
			isa = PBXNativeTarget;
			buildConfigurationList = C178032D291673DA00E9E0AE /* Build configuration list for PBXNativeTarget "clean" */;
			buildPhases = (
				C1780315291673D800E9E0AE /* Sources */,
				C1780316291673D800E9E0AE /* Frameworks */,
				C1780317291673D800E9E0AE /* Resources */,
			);
			buildRules = (
			);
			dependencies = (
			);
			name = clean;
			productName = clean;
			productReference = C1780319291673D800E9E0AE /* clean.app */;
			productType = "com.apple.product-type.application";
		};
/* End PBXNativeTarget section */

/* Begin PBXProject section */
		C1780311291673D800E9E0AE /* Project object */ = {
			isa = PBXProject;
			attributes = {
				BuildIndependentTargetsInParallel = 1;
				LastSwiftUpdateCheck = 1410;
				LastUpgradeCheck = 1410;
				TargetAttributes = {
					C1780318291673D800E9E0AE = {
						CreatedOnToolsVersion = 14.1;
					};
				};
			};
			buildConfigurationList = C1780314291673D800E9E0AE /* Build configuration list for PBXProject "clean" */;
			compatibilityVersion = "Xcode 14.0";
			developmentRegion = en;
			hasScannedForEncodings = 0;
			knownRegions = (
				en,
				Base,
			);
			mainGroup = C1780310291673D800E9E0AE;
			productRefGroup = C178031A291673D800E9E0AE /* Products */;
			projectDirPath = "";
			projectRoot = "";
			targets = (
				C1780318291673D800E9E0AE /* clean */,
			);
		};
/* End PBXProject section */

/* Begin PBXResourcesBuildPhase section */
		C1780317291673D800E9E0AE /* Resources */ = {
			isa = PBXResourcesBuildPhase;
			buildActionMask = 2147483647;
			files = (
				C18C4E95291EE5A6005D2850 /* README.md in Resources */,
				C1780329291673DA00E9E0AE /* LaunchScreen.storyboard in Resources */,
				C1780326291673DA00E9E0AE /* Assets.xcassets in Resources */,
				C15BA602291AAC7300E0CF95 /* HomeViewController.xib in Resources */,
				C15BA60D291AAD8700E0CF95 /* ListViewController.xib in Resources */,
				C174B32929F6C62100176AD4 /* RickAndMortyCharacterCell.xib in Resources */,
			);
			runOnlyForDeploymentPostprocessing = 0;
		};
/* End PBXResourcesBuildPhase section */

/* Begin PBXSourcesBuildPhase section */
		C1780315291673D800E9E0AE /* Sources */ = {
			isa = PBXSourcesBuildPhase;
			buildActionMask = 2147483647;
			files = (
				C174B32829F6C62100176AD4 /* RickAndMortyCharacterCell.swift in Sources */,
				C1B3A25A2BD1499300961445 /* LocalManagerProtocol.swift in Sources */,
				C1B3A2472BD1494E00961445 /* CharacterRepository.swift in Sources */,
				C1D3C33F2917B6EA000C522C /* HomeBuilder.swift in Sources */,
				C15BA60E291AAD8700E0CF95 /* ListViewController.swift in Sources */,
				C1B3A2492BD1494E00961445 /* CharacterRepositoryProtocol.swift in Sources */,
				C1B3A2462BD1494E00961445 /* RMRemoteDataSource.swift in Sources */,
				C15BA60C291AAD8700E0CF95 /* ListViewModel.swift in Sources */,
				C1D3C3412917B720000C522C /* HomeProtocols.swift in Sources */,
				C159551729239CBD00F76A1A /* UImageView.swift in Sources */,
				C1B3A2442BD1494E00961445 /* RMCharacterDTO.swift in Sources */,
				C15BA610291AAD8700E0CF95 /* ListBuilder.swift in Sources */,
				C15BA60F291AAD8700E0CF95 /* ListRouter.swift in Sources */,
				C1D3C3382917B340000C522C /* HomeViewController.swift in Sources */,
				C1B3A2582BD1499300961445 /* RemoteManagerProtocol.swift in Sources */,
				C1B3A23D2BD1494E00961445 /* CharacterUseCaseProtocol.swift in Sources */,
				C1B3A2402BD1494E00961445 /* Pagination.swift in Sources */,
				C1D3C33D2917B69C000C522C /* BaseViewController.swift in Sources */,
				C1B3A2572BD1499300961445 /* NetworkManager.swift in Sources */,
				C1B3A23E2BD1494E00961445 /* CharacterUseCase.swift in Sources */,
				C1B3A2482BD1494E00961445 /* CharacterMapper.swift in Sources */,
				C1B3A23F2BD1494E00961445 /* Character.swift in Sources */,
				C1B3A2432BD1494E00961445 /* RMCharacterDataSourceProtocol.swift in Sources */,
				C1D3C34F2919018C000C522C /* Container.swift in Sources */,
				C1D3C3452917B816000C522C /* HomeViewModel.swift in Sources */,
				C1B3A2592BD1499300961445 /* UserDefaultsManager.swift in Sources */,
				C1D3C3492917B952000C522C /* HomeRouter.swift in Sources */,
				C15BA611291AAD8700E0CF95 /* ListProtocols.swift in Sources */,
				C178031D291673D800E9E0AE /* AppDelegate.swift in Sources */,
				C178031F291673D800E9E0AE /* SceneDelegate.swift in Sources */,
				C1B3A2452BD1494E00961445 /* PaginationDTO.swift in Sources */,
			);
			runOnlyForDeploymentPostprocessing = 0;
		};
/* End PBXSourcesBuildPhase section */

/* Begin PBXVariantGroup section */
		C1780327291673DA00E9E0AE /* LaunchScreen.storyboard */ = {
			isa = PBXVariantGroup;
			children = (
				C1780328291673DA00E9E0AE /* Base */,
			);
			name = LaunchScreen.storyboard;
			sourceTree = "<group>";
		};
/* End PBXVariantGroup section */

/* Begin XCBuildConfiguration section */
		C178032B291673DA00E9E0AE /* Debug */ = {
			isa = XCBuildConfiguration;
			buildSettings = {
				ALWAYS_SEARCH_USER_PATHS = NO;
				CLANG_ANALYZER_NONNULL = YES;
				CLANG_ANALYZER_NUMBER_OBJECT_CONVERSION = YES_AGGRESSIVE;
				CLANG_CXX_LANGUAGE_STANDARD = "gnu++20";
				CLANG_ENABLE_MODULES = YES;
				CLANG_ENABLE_OBJC_ARC = YES;
				CLANG_ENABLE_OBJC_WEAK = YES;
				CLANG_WARN_BLOCK_CAPTURE_AUTORELEASING = YES;
				CLANG_WARN_BOOL_CONVERSION = YES;
				CLANG_WARN_COMMA = YES;
				CLANG_WARN_CONSTANT_CONVERSION = YES;
				CLANG_WARN_DEPRECATED_OBJC_IMPLEMENTATIONS = YES;
				CLANG_WARN_DIRECT_OBJC_ISA_USAGE = YES_ERROR;
				CLANG_WARN_DOCUMENTATION_COMMENTS = YES;
				CLANG_WARN_EMPTY_BODY = YES;
				CLANG_WARN_ENUM_CONVERSION = YES;
				CLANG_WARN_INFINITE_RECURSION = YES;
				CLANG_WARN_INT_CONVERSION = YES;
				CLANG_WARN_NON_LITERAL_NULL_CONVERSION = YES;
				CLANG_WARN_OBJC_IMPLICIT_RETAIN_SELF = YES;
				CLANG_WARN_OBJC_LITERAL_CONVERSION = YES;
				CLANG_WARN_OBJC_ROOT_CLASS = YES_ERROR;
				CLANG_WARN_QUOTED_INCLUDE_IN_FRAMEWORK_HEADER = YES;
				CLANG_WARN_RANGE_LOOP_ANALYSIS = YES;
				CLANG_WARN_STRICT_PROTOTYPES = YES;
				CLANG_WARN_SUSPICIOUS_MOVE = YES;
				CLANG_WARN_UNGUARDED_AVAILABILITY = YES_AGGRESSIVE;
				CLANG_WARN_UNREACHABLE_CODE = YES;
				CLANG_WARN__DUPLICATE_METHOD_MATCH = YES;
				COPY_PHASE_STRIP = NO;
				DEBUG_INFORMATION_FORMAT = dwarf;
				ENABLE_STRICT_OBJC_MSGSEND = YES;
				ENABLE_TESTABILITY = YES;
				GCC_C_LANGUAGE_STANDARD = gnu11;
				GCC_DYNAMIC_NO_PIC = NO;
				GCC_NO_COMMON_BLOCKS = YES;
				GCC_OPTIMIZATION_LEVEL = 0;
				GCC_PREPROCESSOR_DEFINITIONS = (
					"DEBUG=1",
					"$(inherited)",
				);
				GCC_WARN_64_TO_32_BIT_CONVERSION = YES;
				GCC_WARN_ABOUT_RETURN_TYPE = YES_ERROR;
				GCC_WARN_UNDECLARED_SELECTOR = YES;
				GCC_WARN_UNINITIALIZED_AUTOS = YES_AGGRESSIVE;
				GCC_WARN_UNUSED_FUNCTION = YES;
				GCC_WARN_UNUSED_VARIABLE = YES;
				IPHONEOS_DEPLOYMENT_TARGET = 16.1;
				MTL_ENABLE_DEBUG_INFO = INCLUDE_SOURCE;
				MTL_FAST_MATH = YES;
				ONLY_ACTIVE_ARCH = YES;
				SDKROOT = iphoneos;
				SWIFT_ACTIVE_COMPILATION_CONDITIONS = DEBUG;
				SWIFT_OPTIMIZATION_LEVEL = "-Onone";
			};
			name = Debug;
		};
		C178032C291673DA00E9E0AE /* Release */ = {
			isa = XCBuildConfiguration;
			buildSettings = {
				ALWAYS_SEARCH_USER_PATHS = NO;
				CLANG_ANALYZER_NONNULL = YES;
				CLANG_ANALYZER_NUMBER_OBJECT_CONVERSION = YES_AGGRESSIVE;
				CLANG_CXX_LANGUAGE_STANDARD = "gnu++20";
				CLANG_ENABLE_MODULES = YES;
				CLANG_ENABLE_OBJC_ARC = YES;
				CLANG_ENABLE_OBJC_WEAK = YES;
				CLANG_WARN_BLOCK_CAPTURE_AUTORELEASING = YES;
				CLANG_WARN_BOOL_CONVERSION = YES;
				CLANG_WARN_COMMA = YES;
				CLANG_WARN_CONSTANT_CONVERSION = YES;
				CLANG_WARN_DEPRECATED_OBJC_IMPLEMENTATIONS = YES;
				CLANG_WARN_DIRECT_OBJC_ISA_USAGE = YES_ERROR;
				CLANG_WARN_DOCUMENTATION_COMMENTS = YES;
				CLANG_WARN_EMPTY_BODY = YES;
				CLANG_WARN_ENUM_CONVERSION = YES;
				CLANG_WARN_INFINITE_RECURSION = YES;
				CLANG_WARN_INT_CONVERSION = YES;
				CLANG_WARN_NON_LITERAL_NULL_CONVERSION = YES;
				CLANG_WARN_OBJC_IMPLICIT_RETAIN_SELF = YES;
				CLANG_WARN_OBJC_LITERAL_CONVERSION = YES;
				CLANG_WARN_OBJC_ROOT_CLASS = YES_ERROR;
				CLANG_WARN_QUOTED_INCLUDE_IN_FRAMEWORK_HEADER = YES;
				CLANG_WARN_RANGE_LOOP_ANALYSIS = YES;
				CLANG_WARN_STRICT_PROTOTYPES = YES;
				CLANG_WARN_SUSPICIOUS_MOVE = YES;
				CLANG_WARN_UNGUARDED_AVAILABILITY = YES_AGGRESSIVE;
				CLANG_WARN_UNREACHABLE_CODE = YES;
				CLANG_WARN__DUPLICATE_METHOD_MATCH = YES;
				COPY_PHASE_STRIP = NO;
				DEBUG_INFORMATION_FORMAT = "dwarf-with-dsym";
				ENABLE_NS_ASSERTIONS = NO;
				ENABLE_STRICT_OBJC_MSGSEND = YES;
				GCC_C_LANGUAGE_STANDARD = gnu11;
				GCC_NO_COMMON_BLOCKS = YES;
				GCC_WARN_64_TO_32_BIT_CONVERSION = YES;
				GCC_WARN_ABOUT_RETURN_TYPE = YES_ERROR;
				GCC_WARN_UNDECLARED_SELECTOR = YES;
				GCC_WARN_UNINITIALIZED_AUTOS = YES_AGGRESSIVE;
				GCC_WARN_UNUSED_FUNCTION = YES;
				GCC_WARN_UNUSED_VARIABLE = YES;
				IPHONEOS_DEPLOYMENT_TARGET = 16.1;
				MTL_ENABLE_DEBUG_INFO = NO;
				MTL_FAST_MATH = YES;
				SDKROOT = iphoneos;
				SWIFT_COMPILATION_MODE = wholemodule;
				SWIFT_OPTIMIZATION_LEVEL = "-O";
				VALIDATE_PRODUCT = YES;
			};
			name = Release;
		};
		C178032E291673DA00E9E0AE /* Debug */ = {
			isa = XCBuildConfiguration;
			buildSettings = {
				ASSETCATALOG_COMPILER_APPICON_NAME = AppIcon;
				ASSETCATALOG_COMPILER_GLOBAL_ACCENT_COLOR_NAME = AccentColor;
				CODE_SIGN_STYLE = Automatic;
				CURRENT_PROJECT_VERSION = 1;
				DEVELOPMENT_TEAM = R88CDNMKLQ;
				GENERATE_INFOPLIST_FILE = YES;
				INFOPLIST_FILE = clean/Resources/Info.plist;
				INFOPLIST_KEY_UIApplicationSupportsIndirectInputEvents = YES;
				INFOPLIST_KEY_UILaunchStoryboardName = LaunchScreen;
				INFOPLIST_KEY_UISupportedInterfaceOrientations_iPad = "UIInterfaceOrientationPortrait UIInterfaceOrientationPortraitUpsideDown UIInterfaceOrientationLandscapeLeft UIInterfaceOrientationLandscapeRight";
				INFOPLIST_KEY_UISupportedInterfaceOrientations_iPhone = "UIInterfaceOrientationPortrait UIInterfaceOrientationLandscapeLeft UIInterfaceOrientationLandscapeRight";
				LD_RUNPATH_SEARCH_PATHS = (
					"$(inherited)",
					"@executable_path/Frameworks",
				);
				MARKETING_VERSION = 1.0;
				PRODUCT_BUNDLE_IDENTIFIER = es.fernandosalom.clean;
				PRODUCT_NAME = "$(TARGET_NAME)";
				SWIFT_EMIT_LOC_STRINGS = YES;
				SWIFT_VERSION = 5.0;
				TARGETED_DEVICE_FAMILY = "1,2";
			};
			name = Debug;
		};
		C178032F291673DA00E9E0AE /* Release */ = {
			isa = XCBuildConfiguration;
			buildSettings = {
				ASSETCATALOG_COMPILER_APPICON_NAME = AppIcon;
				ASSETCATALOG_COMPILER_GLOBAL_ACCENT_COLOR_NAME = AccentColor;
				CODE_SIGN_STYLE = Automatic;
				CURRENT_PROJECT_VERSION = 1;
				DEVELOPMENT_TEAM = R88CDNMKLQ;
				GENERATE_INFOPLIST_FILE = YES;
				INFOPLIST_FILE = clean/Resources/Info.plist;
				INFOPLIST_KEY_UIApplicationSupportsIndirectInputEvents = YES;
				INFOPLIST_KEY_UILaunchStoryboardName = LaunchScreen;
				INFOPLIST_KEY_UISupportedInterfaceOrientations_iPad = "UIInterfaceOrientationPortrait UIInterfaceOrientationPortraitUpsideDown UIInterfaceOrientationLandscapeLeft UIInterfaceOrientationLandscapeRight";
				INFOPLIST_KEY_UISupportedInterfaceOrientations_iPhone = "UIInterfaceOrientationPortrait UIInterfaceOrientationLandscapeLeft UIInterfaceOrientationLandscapeRight";
				LD_RUNPATH_SEARCH_PATHS = (
					"$(inherited)",
					"@executable_path/Frameworks",
				);
				MARKETING_VERSION = 1.0;
				PRODUCT_BUNDLE_IDENTIFIER = es.fernandosalom.clean;
				PRODUCT_NAME = "$(TARGET_NAME)";
				SWIFT_EMIT_LOC_STRINGS = YES;
				SWIFT_VERSION = 5.0;
				TARGETED_DEVICE_FAMILY = "1,2";
			};
			name = Release;
		};
/* End XCBuildConfiguration section */

/* Begin XCConfigurationList section */
		C1780314291673D800E9E0AE /* Build configuration list for PBXProject "clean" */ = {
			isa = XCConfigurationList;
			buildConfigurations = (
				C178032B291673DA00E9E0AE /* Debug */,
				C178032C291673DA00E9E0AE /* Release */,
			);
			defaultConfigurationIsVisible = 0;
			defaultConfigurationName = Release;
		};
		C178032D291673DA00E9E0AE /* Build configuration list for PBXNativeTarget "clean" */ = {
			isa = XCConfigurationList;
			buildConfigurations = (
				C178032E291673DA00E9E0AE /* Debug */,
				C178032F291673DA00E9E0AE /* Release */,
			);
			defaultConfigurationIsVisible = 0;
			defaultConfigurationName = Release;
		};
/* End XCConfigurationList section */
	};
	rootObject = C1780311291673D800E9E0AE /* Project object */;
}
