// !$*UTF8*$!
{
	archiveVersion = 1;
	classes = {
	};
	objectVersion = 56;
	objects = {

/* Begin PBXBuildFile section */
		C178031D291673D800E9E0AE /* AppDelegate.swift in Sources */ = {isa = PBXBuildFile; fileRef = C178031C291673D800E9E0AE /* AppDelegate.swift */; };
		C178031F291673D800E9E0AE /* SceneDelegate.swift in Sources */ = {isa = PBXBuildFile; fileRef = C178031E291673D800E9E0AE /* SceneDelegate.swift */; };
		C1780321291673D800E9E0AE /* ViewController.swift in Sources */ = {isa = PBXBuildFile; fileRef = C1780320291673D800E9E0AE /* ViewController.swift */; };
		C1780324291673D800E9E0AE /* Main.storyboard in Resources */ = {isa = PBXBuildFile; fileRef = C1780322291673D800E9E0AE /* Main.storyboard */; };
		C1780326291673DA00E9E0AE /* Assets.xcassets in Resources */ = {isa = PBXBuildFile; fileRef = C1780325291673DA00E9E0AE /* Assets.xcassets */; };
		C1780329291673DA00E9E0AE /* LaunchScreen.storyboard in Resources */ = {isa = PBXBuildFile; fileRef = C1780327291673DA00E9E0AE /* LaunchScreen.storyboard */; };
/* End PBXBuildFile section */

/* Begin PBXFileReference section */
		C1780319291673D800E9E0AE /* clean.app */ = {isa = PBXFileReference; explicitFileType = wrapper.application; includeInIndex = 0; path = clean.app; sourceTree = BUILT_PRODUCTS_DIR; };
		C178031C291673D800E9E0AE /* AppDelegate.swift */ = {isa = PBXFileReference; lastKnownFileType = sourcecode.swift; path = AppDelegate.swift; sourceTree = "<group>"; };
		C178031E291673D800E9E0AE /* SceneDelegate.swift */ = {isa = PBXFileReference; lastKnownFileType = sourcecode.swift; path = SceneDelegate.swift; sourceTree = "<group>"; };
		C1780320291673D800E9E0AE /* ViewController.swift */ = {isa = PBXFileReference; lastKnownFileType = sourcecode.swift; path = ViewController.swift; sourceTree = "<group>"; };
		C1780323291673D800E9E0AE /* Base */ = {isa = PBXFileReference; lastKnownFileType = file.storyboard; name = Base; path = Base.lproj/Main.storyboard; sourceTree = "<group>"; };
		C1780325291673DA00E9E0AE /* Assets.xcassets */ = {isa = PBXFileReference; lastKnownFileType = folder.assetcatalog; path = Assets.xcassets; sourceTree = "<group>"; };
		C1780328291673DA00E9E0AE /* Base */ = {isa = PBXFileReference; lastKnownFileType = file.storyboard; name = Base; path = Base.lproj/LaunchScreen.storyboard; sourceTree = "<group>"; };
		C178032A291673DA00E9E0AE /* Info.plist */ = {isa = PBXFileReference; lastKnownFileType = text.plist.xml; path = Info.plist; sourceTree = "<group>"; };
/* End PBXFileReference section */

/* Begin PBXFrameworksBuildPhase section */
		C1780316291673D800E9E0AE /* Frameworks */ = {
			isa = PBXFrameworksBuildPhase;
			buildActionMask = 2147483647;
			files = (
			);
			runOnlyForDeploymentPostprocessing = 0;
		};
/* End PBXFrameworksBuildPhase section */

/* Begin PBXGroup section */
		C1780310291673D800E9E0AE = {
			isa = PBXGroup;
			children = (
				C178031B291673D800E9E0AE /* clean */,
				C178031A291673D800E9E0AE /* Products */,
			);
			sourceTree = "<group>";
		};
		C178031A291673D800E9E0AE /* Products */ = {
			isa = PBXGroup;
			children = (
				C1780319291673D800E9E0AE /* clean.app */,
			);
			name = Products;
			sourceTree = "<group>";
		};
		C178031B291673D800E9E0AE /* clean */ = {
			isa = PBXGroup;
			children = (
				C1D3C3272916741D000C522C /* Domain */,
				C1D3C32629167417000C522C /* Data */,
				C1D3C32429167401000C522C /* Presentation */,
				C1780320291673D800E9E0AE /* ViewController.swift */,
				C1780322291673D800E9E0AE /* Main.storyboard */,
				C1780325291673DA00E9E0AE /* Assets.xcassets */,
				C1780327291673DA00E9E0AE /* LaunchScreen.storyboard */,
				C178032A291673DA00E9E0AE /* Info.plist */,
			);
			path = clean;
			sourceTree = "<group>";
		};
		C1D3C32429167401000C522C /* Presentation */ = {
			isa = PBXGroup;
			children = (
				C1D3C3252916740B000C522C /* App */,
			);
			path = Presentation;
			sourceTree = "<group>";
		};
		C1D3C3252916740B000C522C /* App */ = {
			isa = PBXGroup;
			children = (
				C178031C291673D800E9E0AE /* AppDelegate.swift */,
				C178031E291673D800E9E0AE /* SceneDelegate.swift */,
			);
			path = App;
			sourceTree = "<group>";
		};
		C1D3C32629167417000C522C /* Data */ = {
			isa = PBXGroup;
			children = (
				C1D3C329291674C5000C522C /* DTO */,
				C1D3C32829167446000C522C /* Repository */,
			);
			path = Data;
			sourceTree = "<group>";
		};
		C1D3C3272916741D000C522C /* Domain */ = {
			isa = PBXGroup;
			children = (
			);
			path = Domain;
			sourceTree = "<group>";
		};
		C1D3C32829167446000C522C /* Repository */ = {
			isa = PBXGroup;
			children = (
			);
			path = Repository;
			sourceTree = "<group>";
		};
		C1D3C329291674C5000C522C /* DTO */ = {
			isa = PBXGroup;
			children = (
			);
			path = DTO;
			sourceTree = "<group>";
		};
/* End PBXGroup section */

/* Begin PBXNativeTarget section */
		C1780318291673D800E9E0AE /* clean */ = {
			isa = PBXNativeTarget;
			buildConfigurationList = C178032D291673DA00E9E0AE /* Build configuration list for PBXNativeTarget "clean" */;
			buildPhases = (
				C1780315291673D800E9E0AE /* Sources */,
				C1780316291673D800E9E0AE /* Frameworks */,
				C1780317291673D800E9E0AE /* Resources */,
			);
			buildRules = (
			);
			dependencies = (
			);
			name = clean;
			productName = clean;
			productReference = C1780319291673D800E9E0AE /* clean.app */;
			productType = "com.apple.product-type.application";
		};
/* End PBXNativeTarget section */

/* Begin PBXProject section */
		C1780311291673D800E9E0AE /* Project object */ = {
			isa = PBXProject;
			attributes = {
				BuildIndependentTargetsInParallel = 1;
				LastSwiftUpdateCheck = 1410;
				LastUpgradeCheck = 1410;
				TargetAttributes = {
					C1780318291673D800E9E0AE = {
						CreatedOnToolsVersion = 14.1;
					};
				};
			};
			buildConfigurationList = C1780314291673D800E9E0AE /* Build configuration list for PBXProject "clean" */;
			compatibilityVersion = "Xcode 14.0";
			developmentRegion = en;
			hasScannedForEncodings = 0;
			knownRegions = (
				en,
				Base,
			);
			mainGroup = C1780310291673D800E9E0AE;
			productRefGroup = C178031A291673D800E9E0AE /* Products */;
			projectDirPath = "";
			projectRoot = "";
			targets = (
				C1780318291673D800E9E0AE /* clean */,
			);
		};
/* End PBXProject section */

/* Begin PBXResourcesBuildPhase section */
		C1780317291673D800E9E0AE /* Resources */ = {
			isa = PBXResourcesBuildPhase;
			buildActionMask = 2147483647;
			files = (
				C1780329291673DA00E9E0AE /* LaunchScreen.storyboard in Resources */,
				C1780326291673DA00E9E0AE /* Assets.xcassets in Resources */,
				C1780324291673D800E9E0AE /* Main.storyboard in Resources */,
			);
			runOnlyForDeploymentPostprocessing = 0;
		};
/* End PBXResourcesBuildPhase section */

/* Begin PBXSourcesBuildPhase section */
		C1780315291673D800E9E0AE /* Sources */ = {
			isa = PBXSourcesBuildPhase;
			buildActionMask = 2147483647;
			files = (
				C1780321291673D800E9E0AE /* ViewController.swift in Sources */,
				C178031D291673D800E9E0AE /* AppDelegate.swift in Sources */,
				C178031F291673D800E9E0AE /* SceneDelegate.swift in Sources */,
			);
			runOnlyForDeploymentPostprocessing = 0;
		};
/* End PBXSourcesBuildPhase section */

/* Begin PBXVariantGroup section */
		C1780322291673D800E9E0AE /* Main.storyboard */ = {
			isa = PBXVariantGroup;
			children = (
				C1780323291673D800E9E0AE /* Base */,
			);
			name = Main.storyboard;
			sourceTree = "<group>";
		};
		C1780327291673DA00E9E0AE /* LaunchScreen.storyboard */ = {
			isa = PBXVariantGroup;
			children = (
				C1780328291673DA00E9E0AE /* Base */,
			);
			name = LaunchScreen.storyboard;
			sourceTree = "<group>";
		};
/* End PBXVariantGroup section */

/* Begin XCBuildConfiguration section */
		C178032B291673DA00E9E0AE /* Debug */ = {
			isa = XCBuildConfiguration;
			buildSettings = {
				ALWAYS_SEARCH_USER_PATHS = NO;
				CLANG_ANALYZER_NONNULL = YES;
				CLANG_ANALYZER_NUMBER_OBJECT_CONVERSION = YES_AGGRESSIVE;
				CLANG_CXX_LANGUAGE_STANDARD = "gnu++20";
				CLANG_ENABLE_MODULES = YES;
				CLANG_ENABLE_OBJC_ARC = YES;
				CLANG_ENABLE_OBJC_WEAK = YES;
				CLANG_WARN_BLOCK_CAPTURE_AUTORELEASING = YES;
				CLANG_WARN_BOOL_CONVERSION = YES;
				CLANG_WARN_COMMA = YES;
				CLANG_WARN_CONSTANT_CONVERSION = YES;
				CLANG_WARN_DEPRECATED_OBJC_IMPLEMENTATIONS = YES;
				CLANG_WARN_DIRECT_OBJC_ISA_USAGE = YES_ERROR;
				CLANG_WARN_DOCUMENTATION_COMMENTS = YES;
				CLANG_WARN_EMPTY_BODY = YES;
				CLANG_WARN_ENUM_CONVERSION = YES;
				CLANG_WARN_INFINITE_RECURSION = YES;
				CLANG_WARN_INT_CONVERSION = YES;
				CLANG_WARN_NON_LITERAL_NULL_CONVERSION = YES;
				CLANG_WARN_OBJC_IMPLICIT_RETAIN_SELF = YES;
				CLANG_WARN_OBJC_LITERAL_CONVERSION = YES;
				CLANG_WARN_OBJC_ROOT_CLASS = YES_ERROR;
				CLANG_WARN_QUOTED_INCLUDE_IN_FRAMEWORK_HEADER = YES;
				CLANG_WARN_RANGE_LOOP_ANALYSIS = YES;
				CLANG_WARN_STRICT_PROTOTYPES = YES;
				CLANG_WARN_SUSPICIOUS_MOVE = YES;
				CLANG_WARN_UNGUARDED_AVAILABILITY = YES_AGGRESSIVE;
				CLANG_WARN_UNREACHABLE_CODE = YES;
				CLANG_WARN__DUPLICATE_METHOD_MATCH = YES;
				COPY_PHASE_STRIP = NO;
				DEBUG_INFORMATION_FORMAT = dwarf;
				ENABLE_STRICT_OBJC_MSGSEND = YES;
				ENABLE_TESTABILITY = YES;
				GCC_C_LANGUAGE_STANDARD = gnu11;
				GCC_DYNAMIC_NO_PIC = NO;
				GCC_NO_COMMON_BLOCKS = YES;
				GCC_OPTIMIZATION_LEVEL = 0;
				GCC_PREPROCESSOR_DEFINITIONS = (
					"DEBUG=1",
					"$(inherited)",
				);
				GCC_WARN_64_TO_32_BIT_CONVERSION = YES;
				GCC_WARN_ABOUT_RETURN_TYPE = YES_ERROR;
				GCC_WARN_UNDECLARED_SELECTOR = YES;
				GCC_WARN_UNINITIALIZED_AUTOS = YES_AGGRESSIVE;
				GCC_WARN_UNUSED_FUNCTION = YES;
				GCC_WARN_UNUSED_VARIABLE = YES;
				IPHONEOS_DEPLOYMENT_TARGET = 16.1;
				MTL_ENABLE_DEBUG_INFO = INCLUDE_SOURCE;
				MTL_FAST_MATH = YES;
				ONLY_ACTIVE_ARCH = YES;
				SDKROOT = iphoneos;
				SWIFT_ACTIVE_COMPILATION_CONDITIONS = DEBUG;
				SWIFT_OPTIMIZATION_LEVEL = "-Onone";
			};
			name = Debug;
		};
		C178032C291673DA00E9E0AE /* Release */ = {
			isa = XCBuildConfiguration;
			buildSettings = {
				ALWAYS_SEARCH_USER_PATHS = NO;
				CLANG_ANALYZER_NONNULL = YES;
				CLANG_ANALYZER_NUMBER_OBJECT_CONVERSION = YES_AGGRESSIVE;
				CLANG_CXX_LANGUAGE_STANDARD = "gnu++20";
				CLANG_ENABLE_MODULES = YES;
				CLANG_ENABLE_OBJC_ARC = YES;
				CLANG_ENABLE_OBJC_WEAK = YES;
				CLANG_WARN_BLOCK_CAPTURE_AUTORELEASING = YES;
				CLANG_WARN_BOOL_CONVERSION = YES;
				CLANG_WARN_COMMA = YES;
				CLANG_WARN_CONSTANT_CONVERSION = YES;
				CLANG_WARN_DEPRECATED_OBJC_IMPLEMENTATIONS = YES;
				CLANG_WARN_DIRECT_OBJC_ISA_USAGE = YES_ERROR;
				CLANG_WARN_DOCUMENTATION_COMMENTS = YES;
				CLANG_WARN_EMPTY_BODY = YES;
				CLANG_WARN_ENUM_CONVERSION = YES;
				CLANG_WARN_INFINITE_RECURSION = YES;
				CLANG_WARN_INT_CONVERSION = YES;
				CLANG_WARN_NON_LITERAL_NULL_CONVERSION = YES;
				CLANG_WARN_OBJC_IMPLICIT_RETAIN_SELF = YES;
				CLANG_WARN_OBJC_LITERAL_CONVERSION = YES;
				CLANG_WARN_OBJC_ROOT_CLASS = YES_ERROR;
				CLANG_WARN_QUOTED_INCLUDE_IN_FRAMEWORK_HEADER = YES;
				CLANG_WARN_RANGE_LOOP_ANALYSIS = YES;
				CLANG_WARN_STRICT_PROTOTYPES = YES;
				CLANG_WARN_SUSPICIOUS_MOVE = YES;
				CLANG_WARN_UNGUARDED_AVAILABILITY = YES_AGGRESSIVE;
				CLANG_WARN_UNREACHABLE_CODE = YES;
				CLANG_WARN__DUPLICATE_METHOD_MATCH = YES;
				COPY_PHASE_STRIP = NO;
				DEBUG_INFORMATION_FORMAT = "dwarf-with-dsym";
				ENABLE_NS_ASSERTIONS = NO;
				ENABLE_STRICT_OBJC_MSGSEND = YES;
				GCC_C_LANGUAGE_STANDARD = gnu11;
				GCC_NO_COMMON_BLOCKS = YES;
				GCC_WARN_64_TO_32_BIT_CONVERSION = YES;
				GCC_WARN_ABOUT_RETURN_TYPE = YES_ERROR;
				GCC_WARN_UNDECLARED_SELECTOR = YES;
				GCC_WARN_UNINITIALIZED_AUTOS = YES_AGGRESSIVE;
				GCC_WARN_UNUSED_FUNCTION = YES;
				GCC_WARN_UNUSED_VARIABLE = YES;
				IPHONEOS_DEPLOYMENT_TARGET = 16.1;
				MTL_ENABLE_DEBUG_INFO = NO;
				MTL_FAST_MATH = YES;
				SDKROOT = iphoneos;
				SWIFT_COMPILATION_MODE = wholemodule;
				SWIFT_OPTIMIZATION_LEVEL = "-O";
				VALIDATE_PRODUCT = YES;
			};
			name = Release;
		};
		C178032E291673DA00E9E0AE /* Debug */ = {
			isa = XCBuildConfiguration;
			buildSettings = {
				ASSETCATALOG_COMPILER_APPICON_NAME = AppIcon;
				ASSETCATALOG_COMPILER_GLOBAL_ACCENT_COLOR_NAME = AccentColor;
				CODE_SIGN_STYLE = Automatic;
				CURRENT_PROJECT_VERSION = 1;
				DEVELOPMENT_TEAM = R88CDNMKLQ;
				GENERATE_INFOPLIST_FILE = YES;
				INFOPLIST_FILE = clean/Info.plist;
				INFOPLIST_KEY_UIApplicationSupportsIndirectInputEvents = YES;
				INFOPLIST_KEY_UILaunchStoryboardName = LaunchScreen;
				INFOPLIST_KEY_UIMainStoryboardFile = Main;
				INFOPLIST_KEY_UISupportedInterfaceOrientations_iPad = "UIInterfaceOrientationPortrait UIInterfaceOrientationPortraitUpsideDown UIInterfaceOrientationLandscapeLeft UIInterfaceOrientationLandscapeRight";
				INFOPLIST_KEY_UISupportedInterfaceOrientations_iPhone = "UIInterfaceOrientationPortrait UIInterfaceOrientationLandscapeLeft UIInterfaceOrientationLandscapeRight";
				LD_RUNPATH_SEARCH_PATHS = (
					"$(inherited)",
					"@executable_path/Frameworks",
				);
				MARKETING_VERSION = 1.0;
				PRODUCT_BUNDLE_IDENTIFIER = es.fernandosalom.clean;
				PRODUCT_NAME = "$(TARGET_NAME)";
				SWIFT_EMIT_LOC_STRINGS = YES;
				SWIFT_VERSION = 5.0;
				TARGETED_DEVICE_FAMILY = "1,2";
			};
			name = Debug;
		};
		C178032F291673DA00E9E0AE /* Release */ = {
			isa = XCBuildConfiguration;
			buildSettings = {
				ASSETCATALOG_COMPILER_APPICON_NAME = AppIcon;
				ASSETCATALOG_COMPILER_GLOBAL_ACCENT_COLOR_NAME = AccentColor;
				CODE_SIGN_STYLE = Automatic;
				CURRENT_PROJECT_VERSION = 1;
				DEVELOPMENT_TEAM = R88CDNMKLQ;
				GENERATE_INFOPLIST_FILE = YES;
				INFOPLIST_FILE = clean/Info.plist;
				INFOPLIST_KEY_UIApplicationSupportsIndirectInputEvents = YES;
				INFOPLIST_KEY_UILaunchStoryboardName = LaunchScreen;
				INFOPLIST_KEY_UIMainStoryboardFile = Main;
				INFOPLIST_KEY_UISupportedInterfaceOrientations_iPad = "UIInterfaceOrientationPortrait UIInterfaceOrientationPortraitUpsideDown UIInterfaceOrientationLandscapeLeft UIInterfaceOrientationLandscapeRight";
				INFOPLIST_KEY_UISupportedInterfaceOrientations_iPhone = "UIInterfaceOrientationPortrait UIInterfaceOrientationLandscapeLeft UIInterfaceOrientationLandscapeRight";
				LD_RUNPATH_SEARCH_PATHS = (
					"$(inherited)",
					"@executable_path/Frameworks",
				);
				MARKETING_VERSION = 1.0;
				PRODUCT_BUNDLE_IDENTIFIER = es.fernandosalom.clean;
				PRODUCT_NAME = "$(TARGET_NAME)";
				SWIFT_EMIT_LOC_STRINGS = YES;
				SWIFT_VERSION = 5.0;
				TARGETED_DEVICE_FAMILY = "1,2";
			};
			name = Release;
		};
/* End XCBuildConfiguration section */

/* Begin XCConfigurationList section */
		C1780314291673D800E9E0AE /* Build configuration list for PBXProject "clean" */ = {
			isa = XCConfigurationList;
			buildConfigurations = (
				C178032B291673DA00E9E0AE /* Debug */,
				C178032C291673DA00E9E0AE /* Release */,
			);
			defaultConfigurationIsVisible = 0;
			defaultConfigurationName = Release;
		};
		C178032D291673DA00E9E0AE /* Build configuration list for PBXNativeTarget "clean" */ = {
			isa = XCConfigurationList;
			buildConfigurations = (
				C178032E291673DA00E9E0AE /* Debug */,
				C178032F291673DA00E9E0AE /* Release */,
			);
			defaultConfigurationIsVisible = 0;
			defaultConfigurationName = Release;
		};
/* End XCConfigurationList section */
	};
	rootObject = C1780311291673D800E9E0AE /* Project object */;
}
