// !$*UTF8*$!
{
	archiveVersion = 1;
	classes = {
	};
	objectVersion = 56;
	objects = {

/* Begin PBXBuildFile section */
		C15955112921744600F76A1A /* CharacterCell.swift in Sources */ = {isa = PBXBuildFile; fileRef = C159550F2921744600F76A1A /* CharacterCell.swift */; };
		C15955122921744600F76A1A /* CharacterCell.xib in Resources */ = {isa = PBXBuildFile; fileRef = C15955102921744600F76A1A /* CharacterCell.xib */; };
		C159551729239CBD00F76A1A /* UImageView.swift in Sources */ = {isa = PBXBuildFile; fileRef = C159551629239CBD00F76A1A /* UImageView.swift */; };
		C15BA602291AAC7300E0CF95 /* HomeViewController.xib in Resources */ = {isa = PBXBuildFile; fileRef = C15BA601291AAC7300E0CF95 /* HomeViewController.xib */; };
		C15BA60C291AAD8700E0CF95 /* ListViewModel.swift in Sources */ = {isa = PBXBuildFile; fileRef = C15BA606291AAD8700E0CF95 /* ListViewModel.swift */; };
		C15BA60D291AAD8700E0CF95 /* ListViewController.xib in Resources */ = {isa = PBXBuildFile; fileRef = C15BA607291AAD8700E0CF95 /* ListViewController.xib */; };
		C15BA60E291AAD8700E0CF95 /* ListViewController.swift in Sources */ = {isa = PBXBuildFile; fileRef = C15BA608291AAD8700E0CF95 /* ListViewController.swift */; };
		C15BA60F291AAD8700E0CF95 /* ListRouter.swift in Sources */ = {isa = PBXBuildFile; fileRef = C15BA609291AAD8700E0CF95 /* ListRouter.swift */; };
		C15BA610291AAD8700E0CF95 /* ListBuilder.swift in Sources */ = {isa = PBXBuildFile; fileRef = C15BA60A291AAD8700E0CF95 /* ListBuilder.swift */; };
		C15BA611291AAD8700E0CF95 /* ListProtocols.swift in Sources */ = {isa = PBXBuildFile; fileRef = C15BA60B291AAD8700E0CF95 /* ListProtocols.swift */; };
		C15BA613291AAE4D00E0CF95 /* CharacterRepository.swift in Sources */ = {isa = PBXBuildFile; fileRef = C15BA612291AAE4D00E0CF95 /* CharacterRepository.swift */; };
		C15BA615291AAE7600E0CF95 /* CharacterUseCase.swift in Sources */ = {isa = PBXBuildFile; fileRef = C15BA614291AAE7600E0CF95 /* CharacterUseCase.swift */; };
		C174B23B29F2F52A00176AD4 /* RickAndMortyDataSource.swift in Sources */ = {isa = PBXBuildFile; fileRef = C174B23A29F2F52A00176AD4 /* RickAndMortyDataSource.swift */; };
		C174B23F29F325E600176AD4 /* CharacterDataSourceProtocol.swift in Sources */ = {isa = PBXBuildFile; fileRef = C174B23E29F325E600176AD4 /* CharacterDataSourceProtocol.swift */; };
		C174B24529F326C900176AD4 /* UDCharacterDataSource.swift in Sources */ = {isa = PBXBuildFile; fileRef = C174B24429F326C900176AD4 /* UDCharacterDataSource.swift */; };
		C174B24729F32A6F00176AD4 /* CacheManager.swift in Sources */ = {isa = PBXBuildFile; fileRef = C174B24629F32A6F00176AD4 /* CacheManager.swift */; };
		C174B32129F6BAA200176AD4 /* NetworkManager.swift in Sources */ = {isa = PBXBuildFile; fileRef = C174B32029F6BAA200176AD4 /* NetworkManager.swift */; };
		C174B32429F6BCCC00176AD4 /* CharacterProtocol.swift in Sources */ = {isa = PBXBuildFile; fileRef = C174B32329F6BCCC00176AD4 /* CharacterProtocol.swift */; };
		C174B32829F6C62100176AD4 /* RickAndMortyCharacterCell.swift in Sources */ = {isa = PBXBuildFile; fileRef = C174B32629F6C62100176AD4 /* RickAndMortyCharacterCell.swift */; };
		C174B32929F6C62100176AD4 /* RickAndMortyCharacterCell.xib in Resources */ = {isa = PBXBuildFile; fileRef = C174B32729F6C62100176AD4 /* RickAndMortyCharacterCell.xib */; };
		C174B32C29F6C70200176AD4 /* RickAndMortyCharacter.swift in Sources */ = {isa = PBXBuildFile; fileRef = C174B32B29F6C70200176AD4 /* RickAndMortyCharacter.swift */; };
		C174B32F29F6D09900176AD4 /* Source.swift in Sources */ = {isa = PBXBuildFile; fileRef = C174B32E29F6D09900176AD4 /* Source.swift */; };
		C174B33229F7D5BA00176AD4 /* RickAndMortyCharacterUseCase.swift in Sources */ = {isa = PBXBuildFile; fileRef = C174B33129F7D5BA00176AD4 /* RickAndMortyCharacterUseCase.swift */; };
		C174B33429F7D64200176AD4 /* DisneyDataSource.swift in Sources */ = {isa = PBXBuildFile; fileRef = C174B33329F7D64200176AD4 /* DisneyDataSource.swift */; };
		C174B33629F7D7A200176AD4 /* DisneyCharacterUseCase.swift in Sources */ = {isa = PBXBuildFile; fileRef = C174B33529F7D7A200176AD4 /* DisneyCharacterUseCase.swift */; };
		C174B33829F7D7C600176AD4 /* DisneyCharacter.swift in Sources */ = {isa = PBXBuildFile; fileRef = C174B33729F7D7C600176AD4 /* DisneyCharacter.swift */; };
		C174B97129F8528200176AD4 /* DisneyCell.swift in Sources */ = {isa = PBXBuildFile; fileRef = C174B96F29F8528100176AD4 /* DisneyCell.swift */; };
		C174B97229F8528200176AD4 /* DisneyCell.xib in Resources */ = {isa = PBXBuildFile; fileRef = C174B97029F8528200176AD4 /* DisneyCell.xib */; };
		C174B97429F85AF400176AD4 /* MarvelDataSource.swift in Sources */ = {isa = PBXBuildFile; fileRef = C174B97329F85AF400176AD4 /* MarvelDataSource.swift */; };
		C174B97729F908D100176AD4 /* MarvelCharacterDTO.swift in Sources */ = {isa = PBXBuildFile; fileRef = C174B97629F908D100176AD4 /* MarvelCharacterDTO.swift */; };
		C174B97929F90E7D00176AD4 /* MarvelUseCase.swift in Sources */ = {isa = PBXBuildFile; fileRef = C174B97829F90E7D00176AD4 /* MarvelUseCase.swift */; };
		C174B97B29F90EBC00176AD4 /* MarvelCharacter.swift in Sources */ = {isa = PBXBuildFile; fileRef = C174B97A29F90EBC00176AD4 /* MarvelCharacter.swift */; };
		C174B97F29F9107C00176AD4 /* MarvelCell.swift in Sources */ = {isa = PBXBuildFile; fileRef = C174B97D29F9107C00176AD4 /* MarvelCell.swift */; };
		C174B98029F9107C00176AD4 /* MarvelCell.xib in Resources */ = {isa = PBXBuildFile; fileRef = C174B97E29F9107C00176AD4 /* MarvelCell.xib */; };
		C174B98429F9626200176AD4 /* CharacterUseCaseProtocol.swift in Sources */ = {isa = PBXBuildFile; fileRef = C174B98329F9626200176AD4 /* CharacterUseCaseProtocol.swift */; };
		C178031D291673D800E9E0AE /* AppDelegate.swift in Sources */ = {isa = PBXBuildFile; fileRef = C178031C291673D800E9E0AE /* AppDelegate.swift */; };
		C178031F291673D800E9E0AE /* SceneDelegate.swift in Sources */ = {isa = PBXBuildFile; fileRef = C178031E291673D800E9E0AE /* SceneDelegate.swift */; };
		C1780326291673DA00E9E0AE /* Assets.xcassets in Resources */ = {isa = PBXBuildFile; fileRef = C1780325291673DA00E9E0AE /* Assets.xcassets */; };
		C1780329291673DA00E9E0AE /* LaunchScreen.storyboard in Resources */ = {isa = PBXBuildFile; fileRef = C1780327291673DA00E9E0AE /* LaunchScreen.storyboard */; };
		C18C4E95291EE5A6005D2850 /* README.md in Resources */ = {isa = PBXBuildFile; fileRef = C18C4E94291EE5A6005D2850 /* README.md */; };
		C1D3C32E2917B25A000C522C /* CharacterDTO.swift in Sources */ = {isa = PBXBuildFile; fileRef = C1D3C32D2917B25A000C522C /* CharacterDTO.swift */; };
		C1D3C3332917B285000C522C /* Character.swift in Sources */ = {isa = PBXBuildFile; fileRef = C1D3C3322917B285000C522C /* Character.swift */; };
		C1D3C3382917B340000C522C /* HomeViewController.swift in Sources */ = {isa = PBXBuildFile; fileRef = C1D3C3372917B340000C522C /* HomeViewController.swift */; };
		C1D3C33D2917B69C000C522C /* BaseViewController.swift in Sources */ = {isa = PBXBuildFile; fileRef = C1D3C33C2917B69C000C522C /* BaseViewController.swift */; };
		C1D3C33F2917B6EA000C522C /* HomeBuilder.swift in Sources */ = {isa = PBXBuildFile; fileRef = C1D3C33E2917B6EA000C522C /* HomeBuilder.swift */; };
		C1D3C3412917B720000C522C /* HomeProtocols.swift in Sources */ = {isa = PBXBuildFile; fileRef = C1D3C3402917B720000C522C /* HomeProtocols.swift */; };
		C1D3C3452917B816000C522C /* HomeViewModel.swift in Sources */ = {isa = PBXBuildFile; fileRef = C1D3C3442917B816000C522C /* HomeViewModel.swift */; };
		C1D3C3492917B952000C522C /* HomeRouter.swift in Sources */ = {isa = PBXBuildFile; fileRef = C1D3C3482917B952000C522C /* HomeRouter.swift */; };
		C1D3C34F2919018C000C522C /* Container.swift in Sources */ = {isa = PBXBuildFile; fileRef = C1D3C34E2919018C000C522C /* Container.swift */; };
/* End PBXBuildFile section */

/* Begin PBXFileReference section */
		C159550F2921744600F76A1A /* CharacterCell.swift */ = {isa = PBXFileReference; lastKnownFileType = sourcecode.swift; path = CharacterCell.swift; sourceTree = "<group>"; };
		C15955102921744600F76A1A /* CharacterCell.xib */ = {isa = PBXFileReference; lastKnownFileType = file.xib; path = CharacterCell.xib; sourceTree = "<group>"; };
		C159551629239CBD00F76A1A /* UImageView.swift */ = {isa = PBXFileReference; lastKnownFileType = sourcecode.swift; path = UImageView.swift; sourceTree = "<group>"; };
		C15BA601291AAC7300E0CF95 /* HomeViewController.xib */ = {isa = PBXFileReference; lastKnownFileType = file.xib; path = HomeViewController.xib; sourceTree = "<group>"; };
		C15BA606291AAD8700E0CF95 /* ListViewModel.swift */ = {isa = PBXFileReference; fileEncoding = 4; lastKnownFileType = sourcecode.swift; path = ListViewModel.swift; sourceTree = "<group>"; };
		C15BA607291AAD8700E0CF95 /* ListViewController.xib */ = {isa = PBXFileReference; fileEncoding = 4; lastKnownFileType = file.xib; path = ListViewController.xib; sourceTree = "<group>"; };
		C15BA608291AAD8700E0CF95 /* ListViewController.swift */ = {isa = PBXFileReference; fileEncoding = 4; lastKnownFileType = sourcecode.swift; path = ListViewController.swift; sourceTree = "<group>"; };
		C15BA609291AAD8700E0CF95 /* ListRouter.swift */ = {isa = PBXFileReference; fileEncoding = 4; lastKnownFileType = sourcecode.swift; path = ListRouter.swift; sourceTree = "<group>"; };
		C15BA60A291AAD8700E0CF95 /* ListBuilder.swift */ = {isa = PBXFileReference; fileEncoding = 4; lastKnownFileType = sourcecode.swift; path = ListBuilder.swift; sourceTree = "<group>"; };
		C15BA60B291AAD8700E0CF95 /* ListProtocols.swift */ = {isa = PBXFileReference; fileEncoding = 4; lastKnownFileType = sourcecode.swift; path = ListProtocols.swift; sourceTree = "<group>"; };
		C15BA612291AAE4D00E0CF95 /* CharacterRepository.swift */ = {isa = PBXFileReference; lastKnownFileType = sourcecode.swift; path = CharacterRepository.swift; sourceTree = "<group>"; };
		C15BA614291AAE7600E0CF95 /* CharacterUseCase.swift */ = {isa = PBXFileReference; lastKnownFileType = sourcecode.swift; path = CharacterUseCase.swift; sourceTree = "<group>"; };
		C174B23A29F2F52A00176AD4 /* RickAndMortyDataSource.swift */ = {isa = PBXFileReference; lastKnownFileType = sourcecode.swift; path = RickAndMortyDataSource.swift; sourceTree = "<group>"; };
		C174B23E29F325E600176AD4 /* CharacterDataSourceProtocol.swift */ = {isa = PBXFileReference; lastKnownFileType = sourcecode.swift; path = CharacterDataSourceProtocol.swift; sourceTree = "<group>"; };
		C174B24429F326C900176AD4 /* UDCharacterDataSource.swift */ = {isa = PBXFileReference; lastKnownFileType = sourcecode.swift; path = UDCharacterDataSource.swift; sourceTree = "<group>"; };
		C174B24629F32A6F00176AD4 /* CacheManager.swift */ = {isa = PBXFileReference; lastKnownFileType = sourcecode.swift; path = CacheManager.swift; sourceTree = "<group>"; };
		C174B32029F6BAA200176AD4 /* NetworkManager.swift */ = {isa = PBXFileReference; lastKnownFileType = sourcecode.swift; path = NetworkManager.swift; sourceTree = "<group>"; };
		C174B32329F6BCCC00176AD4 /* CharacterProtocol.swift */ = {isa = PBXFileReference; lastKnownFileType = sourcecode.swift; path = CharacterProtocol.swift; sourceTree = "<group>"; };
		C174B32629F6C62100176AD4 /* RickAndMortyCharacterCell.swift */ = {isa = PBXFileReference; lastKnownFileType = sourcecode.swift; path = RickAndMortyCharacterCell.swift; sourceTree = "<group>"; };
		C174B32729F6C62100176AD4 /* RickAndMortyCharacterCell.xib */ = {isa = PBXFileReference; lastKnownFileType = file.xib; path = RickAndMortyCharacterCell.xib; sourceTree = "<group>"; };
		C174B32B29F6C70200176AD4 /* RickAndMortyCharacter.swift */ = {isa = PBXFileReference; lastKnownFileType = sourcecode.swift; path = RickAndMortyCharacter.swift; sourceTree = "<group>"; };
		C174B32E29F6D09900176AD4 /* Source.swift */ = {isa = PBXFileReference; lastKnownFileType = sourcecode.swift; path = Source.swift; sourceTree = "<group>"; };
		C174B33129F7D5BA00176AD4 /* RickAndMortyCharacterUseCase.swift */ = {isa = PBXFileReference; lastKnownFileType = sourcecode.swift; path = RickAndMortyCharacterUseCase.swift; sourceTree = "<group>"; };
		C174B33329F7D64200176AD4 /* DisneyDataSource.swift */ = {isa = PBXFileReference; lastKnownFileType = sourcecode.swift; path = DisneyDataSource.swift; sourceTree = "<group>"; };
		C174B33529F7D7A200176AD4 /* DisneyCharacterUseCase.swift */ = {isa = PBXFileReference; lastKnownFileType = sourcecode.swift; path = DisneyCharacterUseCase.swift; sourceTree = "<group>"; };
		C174B33729F7D7C600176AD4 /* DisneyCharacter.swift */ = {isa = PBXFileReference; lastKnownFileType = sourcecode.swift; path = DisneyCharacter.swift; sourceTree = "<group>"; };
		C174B96F29F8528100176AD4 /* DisneyCell.swift */ = {isa = PBXFileReference; lastKnownFileType = sourcecode.swift; path = DisneyCell.swift; sourceTree = "<group>"; };
		C174B97029F8528200176AD4 /* DisneyCell.xib */ = {isa = PBXFileReference; lastKnownFileType = file.xib; path = DisneyCell.xib; sourceTree = "<group>"; };
		C174B97329F85AF400176AD4 /* MarvelDataSource.swift */ = {isa = PBXFileReference; lastKnownFileType = sourcecode.swift; path = MarvelDataSource.swift; sourceTree = "<group>"; };
		C174B97629F908D100176AD4 /* MarvelCharacterDTO.swift */ = {isa = PBXFileReference; lastKnownFileType = sourcecode.swift; path = MarvelCharacterDTO.swift; sourceTree = "<group>"; };
		C174B97829F90E7D00176AD4 /* MarvelUseCase.swift */ = {isa = PBXFileReference; lastKnownFileType = sourcecode.swift; path = MarvelUseCase.swift; sourceTree = "<group>"; };
		C174B97A29F90EBC00176AD4 /* MarvelCharacter.swift */ = {isa = PBXFileReference; lastKnownFileType = sourcecode.swift; path = MarvelCharacter.swift; sourceTree = "<group>"; };
		C174B97D29F9107C00176AD4 /* MarvelCell.swift */ = {isa = PBXFileReference; lastKnownFileType = sourcecode.swift; path = MarvelCell.swift; sourceTree = "<group>"; };
		C174B97E29F9107C00176AD4 /* MarvelCell.xib */ = {isa = PBXFileReference; lastKnownFileType = file.xib; path = MarvelCell.xib; sourceTree = "<group>"; };
		C174B98329F9626200176AD4 /* CharacterUseCaseProtocol.swift */ = {isa = PBXFileReference; lastKnownFileType = sourcecode.swift; path = CharacterUseCaseProtocol.swift; sourceTree = "<group>"; };
		C1780319291673D800E9E0AE /* clean.app */ = {isa = PBXFileReference; explicitFileType = wrapper.application; includeInIndex = 0; path = clean.app; sourceTree = BUILT_PRODUCTS_DIR; };
		C178031C291673D800E9E0AE /* AppDelegate.swift */ = {isa = PBXFileReference; lastKnownFileType = sourcecode.swift; path = AppDelegate.swift; sourceTree = "<group>"; };
		C178031E291673D800E9E0AE /* SceneDelegate.swift */ = {isa = PBXFileReference; lastKnownFileType = sourcecode.swift; path = SceneDelegate.swift; sourceTree = "<group>"; };
		C1780325291673DA00E9E0AE /* Assets.xcassets */ = {isa = PBXFileReference; lastKnownFileType = folder.assetcatalog; path = Assets.xcassets; sourceTree = "<group>"; };
		C1780328291673DA00E9E0AE /* Base */ = {isa = PBXFileReference; lastKnownFileType = file.storyboard; name = Base; path = Base.lproj/LaunchScreen.storyboard; sourceTree = "<group>"; };
		C178032A291673DA00E9E0AE /* Info.plist */ = {isa = PBXFileReference; lastKnownFileType = text.plist.xml; path = Info.plist; sourceTree = "<group>"; };
		C18C4E94291EE5A6005D2850 /* README.md */ = {isa = PBXFileReference; fileEncoding = 4; lastKnownFileType = net.daringfireball.markdown; path = README.md; sourceTree = "<group>"; };
		C1D3C32D2917B25A000C522C /* CharacterDTO.swift */ = {isa = PBXFileReference; lastKnownFileType = sourcecode.swift; path = CharacterDTO.swift; sourceTree = "<group>"; };
		C1D3C3322917B285000C522C /* Character.swift */ = {isa = PBXFileReference; lastKnownFileType = sourcecode.swift; path = Character.swift; sourceTree = "<group>"; };
		C1D3C3372917B340000C522C /* HomeViewController.swift */ = {isa = PBXFileReference; lastKnownFileType = sourcecode.swift; path = HomeViewController.swift; sourceTree = "<group>"; };
		C1D3C33C2917B69C000C522C /* BaseViewController.swift */ = {isa = PBXFileReference; lastKnownFileType = sourcecode.swift; path = BaseViewController.swift; sourceTree = "<group>"; };
		C1D3C33E2917B6EA000C522C /* HomeBuilder.swift */ = {isa = PBXFileReference; lastKnownFileType = sourcecode.swift; path = HomeBuilder.swift; sourceTree = "<group>"; };
		C1D3C3402917B720000C522C /* HomeProtocols.swift */ = {isa = PBXFileReference; lastKnownFileType = sourcecode.swift; path = HomeProtocols.swift; sourceTree = "<group>"; };
		C1D3C3442917B816000C522C /* HomeViewModel.swift */ = {isa = PBXFileReference; lastKnownFileType = sourcecode.swift; path = HomeViewModel.swift; sourceTree = "<group>"; };
		C1D3C3482917B952000C522C /* HomeRouter.swift */ = {isa = PBXFileReference; lastKnownFileType = sourcecode.swift; path = HomeRouter.swift; sourceTree = "<group>"; };
		C1D3C34E2919018C000C522C /* Container.swift */ = {isa = PBXFileReference; lastKnownFileType = sourcecode.swift; path = Container.swift; sourceTree = "<group>"; };
/* End PBXFileReference section */

/* Begin PBXFrameworksBuildPhase section */
		C1780316291673D800E9E0AE /* Frameworks */ = {
			isa = PBXFrameworksBuildPhase;
			buildActionMask = 2147483647;
			files = (
			);
			runOnlyForDeploymentPostprocessing = 0;
		};
/* End PBXFrameworksBuildPhase section */

/* Begin PBXGroup section */
		C159551529239CAA00F76A1A /* Helper */ = {
			isa = PBXGroup;
			children = (
				C159551629239CBD00F76A1A /* UImageView.swift */,
			);
			path = Helper;
			sourceTree = "<group>";
		};
		C15BA605291AAD8700E0CF95 /* List */ = {
			isa = PBXGroup;
			children = (
				C18C4E96292011CF005D2850 /* Cell */,
				C15BA60A291AAD8700E0CF95 /* ListBuilder.swift */,
				C15BA60B291AAD8700E0CF95 /* ListProtocols.swift */,
				C15BA609291AAD8700E0CF95 /* ListRouter.swift */,
				C15BA606291AAD8700E0CF95 /* ListViewModel.swift */,
				C15BA608291AAD8700E0CF95 /* ListViewController.swift */,
				C15BA607291AAD8700E0CF95 /* ListViewController.xib */,
			);
			path = List;
			sourceTree = "<group>";
		};
		C174B23929F2F50F00176AD4 /* DataSource */ = {
			isa = PBXGroup;
			children = (
				C174B23C29F325C300176AD4 /* Character */,
			);
			path = DataSource;
			sourceTree = "<group>";
		};
		C174B23C29F325C300176AD4 /* Character */ = {
			isa = PBXGroup;
			children = (
				C174B23D29F325CE00176AD4 /* Protocol */,
				C174B24229F3262500176AD4 /* API */,
				C174B24329F326A400176AD4 /* UserDefaults */,
			);
			path = Character;
			sourceTree = "<group>";
		};
		C174B23D29F325CE00176AD4 /* Protocol */ = {
			isa = PBXGroup;
			children = (
				C174B23E29F325E600176AD4 /* CharacterDataSourceProtocol.swift */,
			);
			path = Protocol;
			sourceTree = "<group>";
		};
		C174B24229F3262500176AD4 /* API */ = {
			isa = PBXGroup;
			children = (
				C174B23A29F2F52A00176AD4 /* RickAndMortyDataSource.swift */,
				C174B33329F7D64200176AD4 /* DisneyDataSource.swift */,
				C174B97329F85AF400176AD4 /* MarvelDataSource.swift */,
			);
			path = API;
			sourceTree = "<group>";
		};
		C174B24329F326A400176AD4 /* UserDefaults */ = {
			isa = PBXGroup;
			children = (
				C174B24429F326C900176AD4 /* UDCharacterDataSource.swift */,
			);
			path = UserDefaults;
			sourceTree = "<group>";
		};
		C174B31F29F6B6E100176AD4 /* Manager */ = {
			isa = PBXGroup;
			children = (
				C174B24629F32A6F00176AD4 /* CacheManager.swift */,
				C174B32029F6BAA200176AD4 /* NetworkManager.swift */,
			);
			path = Manager;
			sourceTree = "<group>";
		};
		C174B32229F6BCC000176AD4 /* Character */ = {
			isa = PBXGroup;
			children = (
				C174B98129F9622600176AD4 /* Protocol */,
				C1D3C3322917B285000C522C /* Character.swift */,
				C174B33729F7D7C600176AD4 /* DisneyCharacter.swift */,
				C174B32B29F6C70200176AD4 /* RickAndMortyCharacter.swift */,
				C174B97A29F90EBC00176AD4 /* MarvelCharacter.swift */,
			);
			path = Character;
			sourceTree = "<group>";
		};
		C174B32529F6C57900176AD4 /* RickAndMortyCell */ = {
			isa = PBXGroup;
			children = (
				C174B32629F6C62100176AD4 /* RickAndMortyCharacterCell.swift */,
				C174B32729F6C62100176AD4 /* RickAndMortyCharacterCell.xib */,
			);
			path = RickAndMortyCell;
			sourceTree = "<group>";
		};
		C174B32D29F6D08C00176AD4 /* Source */ = {
			isa = PBXGroup;
			children = (
				C174B32E29F6D09900176AD4 /* Source.swift */,
			);
			path = Source;
			sourceTree = "<group>";
		};
		C174B33029F7D59A00176AD4 /* Character */ = {
			isa = PBXGroup;
			children = (
				C174B98229F9624D00176AD4 /* Protocol */,
				C15BA614291AAE7600E0CF95 /* CharacterUseCase.swift */,
				C174B33129F7D5BA00176AD4 /* RickAndMortyCharacterUseCase.swift */,
				C174B33529F7D7A200176AD4 /* DisneyCharacterUseCase.swift */,
				C174B97829F90E7D00176AD4 /* MarvelUseCase.swift */,
			);
			path = Character;
			sourceTree = "<group>";
		};
		C174B96E29F8526C00176AD4 /* DisneyCell */ = {
			isa = PBXGroup;
			children = (
				C174B96F29F8528100176AD4 /* DisneyCell.swift */,
				C174B97029F8528200176AD4 /* DisneyCell.xib */,
			);
			path = DisneyCell;
			sourceTree = "<group>";
		};
		C174B97529F908BC00176AD4 /* Character */ = {
			isa = PBXGroup;
			children = (
				C1D3C32D2917B25A000C522C /* CharacterDTO.swift */,
				C174B97629F908D100176AD4 /* MarvelCharacterDTO.swift */,
			);
			path = Character;
			sourceTree = "<group>";
		};
		C174B97C29F9106900176AD4 /* MarvelCell */ = {
			isa = PBXGroup;
			children = (
				C174B97D29F9107C00176AD4 /* MarvelCell.swift */,
				C174B97E29F9107C00176AD4 /* MarvelCell.xib */,
			);
			path = MarvelCell;
			sourceTree = "<group>";
		};
		C174B98129F9622600176AD4 /* Protocol */ = {
			isa = PBXGroup;
			children = (
				C174B32329F6BCCC00176AD4 /* CharacterProtocol.swift */,
			);
			path = Protocol;
			sourceTree = "<group>";
		};
		C174B98229F9624D00176AD4 /* Protocol */ = {
			isa = PBXGroup;
			children = (
				C174B98329F9626200176AD4 /* CharacterUseCaseProtocol.swift */,
			);
			path = Protocol;
			sourceTree = "<group>";
		};
		C1780310291673D800E9E0AE = {
			isa = PBXGroup;
			children = (
				C18C4E94291EE5A6005D2850 /* README.md */,
				C178031B291673D800E9E0AE /* clean */,
				C178031A291673D800E9E0AE /* Products */,
			);
			sourceTree = "<group>";
		};
		C178031A291673D800E9E0AE /* Products */ = {
			isa = PBXGroup;
			children = (
				C1780319291673D800E9E0AE /* clean.app */,
			);
			name = Products;
			sourceTree = "<group>";
		};
		C178031B291673D800E9E0AE /* clean */ = {
			isa = PBXGroup;
			children = (
				C174B31F29F6B6E100176AD4 /* Manager */,
				C159551529239CAA00F76A1A /* Helper */,
				C1D3C33B2917B682000C522C /* Core */,
				C1D3C34D2919017E000C522C /* DI */,
				C1D3C32629167417000C522C /* Data */,
				C1D3C3272916741D000C522C /* Domain */,
				C1D3C32429167401000C522C /* Presentation */,
				C1E97E9D292569970086F3A8 /* Resources */,
			);
			path = clean;
			sourceTree = "<group>";
		};
		C18C4E96292011CF005D2850 /* Cell */ = {
			isa = PBXGroup;
			children = (
				C174B97C29F9106900176AD4 /* MarvelCell */,
				C174B96E29F8526C00176AD4 /* DisneyCell */,
				C174B32529F6C57900176AD4 /* RickAndMortyCell */,
				C19B651E291D4BCD00D1D112 /* CharacterCell */,
			);
			path = Cell;
			sourceTree = "<group>";
		};
		C19B651E291D4BCD00D1D112 /* CharacterCell */ = {
			isa = PBXGroup;
			children = (
				C159550F2921744600F76A1A /* CharacterCell.swift */,
				C15955102921744600F76A1A /* CharacterCell.xib */,
			);
			path = CharacterCell;
			sourceTree = "<group>";
		};
		C1D3C32429167401000C522C /* Presentation */ = {
			isa = PBXGroup;
			children = (
				C1D3C3252916740B000C522C /* App */,
				C1D3C32C2917B229000C522C /* Modules */,
			);
			path = Presentation;
			sourceTree = "<group>";
		};
		C1D3C3252916740B000C522C /* App */ = {
			isa = PBXGroup;
			children = (
				C178031C291673D800E9E0AE /* AppDelegate.swift */,
				C178031E291673D800E9E0AE /* SceneDelegate.swift */,
			);
			path = App;
			sourceTree = "<group>";
		};
		C1D3C32629167417000C522C /* Data */ = {
			isa = PBXGroup;
			children = (
				C174B23929F2F50F00176AD4 /* DataSource */,
				C1D3C329291674C5000C522C /* DTO */,
				C1D3C32829167446000C522C /* Repository */,
			);
			path = Data;
			sourceTree = "<group>";
		};
		C1D3C3272916741D000C522C /* Domain */ = {
			isa = PBXGroup;
			children = (
				C1D3C32B2917B21A000C522C /* UseCase */,
				C1D3C32A2917B1B5000C522C /* Entity */,
			);
			path = Domain;
			sourceTree = "<group>";
		};
		C1D3C32829167446000C522C /* Repository */ = {
			isa = PBXGroup;
			children = (
				C15BA612291AAE4D00E0CF95 /* CharacterRepository.swift */,
			);
			path = Repository;
			sourceTree = "<group>";
		};
		C1D3C329291674C5000C522C /* DTO */ = {
			isa = PBXGroup;
			children = (
				C174B97529F908BC00176AD4 /* Character */,
			);
			path = DTO;
			sourceTree = "<group>";
		};
		C1D3C32A2917B1B5000C522C /* Entity */ = {
			isa = PBXGroup;
			children = (
				C174B32D29F6D08C00176AD4 /* Source */,
				C174B32229F6BCC000176AD4 /* Character */,
			);
			path = Entity;
			sourceTree = "<group>";
		};
		C1D3C32B2917B21A000C522C /* UseCase */ = {
			isa = PBXGroup;
			children = (
				C174B33029F7D59A00176AD4 /* Character */,
			);
			path = UseCase;
			sourceTree = "<group>";
		};
		C1D3C32C2917B229000C522C /* Modules */ = {
			isa = PBXGroup;
			children = (
				C15BA605291AAD8700E0CF95 /* List */,
				C1D3C3362917B30E000C522C /* Home */,
			);
			path = Modules;
			sourceTree = "<group>";
		};
		C1D3C3362917B30E000C522C /* Home */ = {
			isa = PBXGroup;
			children = (
				C1D3C33E2917B6EA000C522C /* HomeBuilder.swift */,
				C1D3C3402917B720000C522C /* HomeProtocols.swift */,
				C1D3C3482917B952000C522C /* HomeRouter.swift */,
				C1D3C3442917B816000C522C /* HomeViewModel.swift */,
				C1D3C3372917B340000C522C /* HomeViewController.swift */,
				C15BA601291AAC7300E0CF95 /* HomeViewController.xib */,
			);
			path = Home;
			sourceTree = "<group>";
		};
		C1D3C33B2917B682000C522C /* Core */ = {
			isa = PBXGroup;
			children = (
				C1D3C33C2917B69C000C522C /* BaseViewController.swift */,
			);
			path = Core;
			sourceTree = "<group>";
		};
		C1D3C34D2919017E000C522C /* DI */ = {
			isa = PBXGroup;
			children = (
				C1D3C34E2919018C000C522C /* Container.swift */,
			);
			path = DI;
			sourceTree = "<group>";
		};
		C1E97E9D292569970086F3A8 /* Resources */ = {
			isa = PBXGroup;
			children = (
				C1780327291673DA00E9E0AE /* LaunchScreen.storyboard */,
				C1780325291673DA00E9E0AE /* Assets.xcassets */,
				C178032A291673DA00E9E0AE /* Info.plist */,
			);
			path = Resources;
			sourceTree = "<group>";
		};
/* End PBXGroup section */

/* Begin PBXNativeTarget section */
		C1780318291673D800E9E0AE /* clean */ = {
			isa = PBXNativeTarget;
			buildConfigurationList = C178032D291673DA00E9E0AE /* Build configuration list for PBXNativeTarget "clean" */;
			buildPhases = (
				C1780315291673D800E9E0AE /* Sources */,
				C1780316291673D800E9E0AE /* Frameworks */,
				C1780317291673D800E9E0AE /* Resources */,
			);
			buildRules = (
			);
			dependencies = (
			);
			name = clean;
			productName = clean;
			productReference = C1780319291673D800E9E0AE /* clean.app */;
			productType = "com.apple.product-type.application";
		};
/* End PBXNativeTarget section */

/* Begin PBXProject section */
		C1780311291673D800E9E0AE /* Project object */ = {
			isa = PBXProject;
			attributes = {
				BuildIndependentTargetsInParallel = 1;
				LastSwiftUpdateCheck = 1410;
				LastUpgradeCheck = 1410;
				TargetAttributes = {
					C1780318291673D800E9E0AE = {
						CreatedOnToolsVersion = 14.1;
					};
				};
			};
			buildConfigurationList = C1780314291673D800E9E0AE /* Build configuration list for PBXProject "clean" */;
			compatibilityVersion = "Xcode 14.0";
			developmentRegion = en;
			hasScannedForEncodings = 0;
			knownRegions = (
				en,
				Base,
			);
			mainGroup = C1780310291673D800E9E0AE;
			productRefGroup = C178031A291673D800E9E0AE /* Products */;
			projectDirPath = "";
			projectRoot = "";
			targets = (
				C1780318291673D800E9E0AE /* clean */,
			);
		};
/* End PBXProject section */

/* Begin PBXResourcesBuildPhase section */
		C1780317291673D800E9E0AE /* Resources */ = {
			isa = PBXResourcesBuildPhase;
			buildActionMask = 2147483647;
			files = (
				C18C4E95291EE5A6005D2850 /* README.md in Resources */,
				C15955122921744600F76A1A /* CharacterCell.xib in Resources */,
				C1780329291673DA00E9E0AE /* LaunchScreen.storyboard in Resources */,
				C174B98029F9107C00176AD4 /* MarvelCell.xib in Resources */,
				C174B97229F8528200176AD4 /* DisneyCell.xib in Resources */,
				C1780326291673DA00E9E0AE /* Assets.xcassets in Resources */,
				C15BA602291AAC7300E0CF95 /* HomeViewController.xib in Resources */,
				C15BA60D291AAD8700E0CF95 /* ListViewController.xib in Resources */,
				C174B32929F6C62100176AD4 /* RickAndMortyCharacterCell.xib in Resources */,
			);
			runOnlyForDeploymentPostprocessing = 0;
		};
/* End PBXResourcesBuildPhase section */

/* Begin PBXSourcesBuildPhase section */
		C1780315291673D800E9E0AE /* Sources */ = {
			isa = PBXSourcesBuildPhase;
			buildActionMask = 2147483647;
			files = (
				C174B32829F6C62100176AD4 /* RickAndMortyCharacterCell.swift in Sources */,
				C174B23F29F325E600176AD4 /* CharacterDataSourceProtocol.swift in Sources */,
				C174B32429F6BCCC00176AD4 /* CharacterProtocol.swift in Sources */,
				C174B97129F8528200176AD4 /* DisneyCell.swift in Sources */,
				C1D3C33F2917B6EA000C522C /* HomeBuilder.swift in Sources */,
				C15BA60E291AAD8700E0CF95 /* ListViewController.swift in Sources */,
				C15BA60C291AAD8700E0CF95 /* ListViewModel.swift in Sources */,
				C174B33229F7D5BA00176AD4 /* RickAndMortyCharacterUseCase.swift in Sources */,
				C1D3C3412917B720000C522C /* HomeProtocols.swift in Sources */,
				C159551729239CBD00F76A1A /* UImageView.swift in Sources */,
				C174B97429F85AF400176AD4 /* MarvelDataSource.swift in Sources */,
				C15955112921744600F76A1A /* CharacterCell.swift in Sources */,
				C174B23B29F2F52A00176AD4 /* RickAndMortyDataSource.swift in Sources */,
				C15BA610291AAD8700E0CF95 /* ListBuilder.swift in Sources */,
				C174B97B29F90EBC00176AD4 /* MarvelCharacter.swift in Sources */,
				C1D3C32E2917B25A000C522C /* CharacterDTO.swift in Sources */,
				C174B97929F90E7D00176AD4 /* MarvelUseCase.swift in Sources */,
				C174B98429F9626200176AD4 /* CharacterUseCaseProtocol.swift in Sources */,
				C15BA60F291AAD8700E0CF95 /* ListRouter.swift in Sources */,
				C1D3C3382917B340000C522C /* HomeViewController.swift in Sources */,
				C1D3C33D2917B69C000C522C /* BaseViewController.swift in Sources */,
				C15BA615291AAE7600E0CF95 /* CharacterUseCase.swift in Sources */,
				C174B32F29F6D09900176AD4 /* Source.swift in Sources */,
				C174B33829F7D7C600176AD4 /* DisneyCharacter.swift in Sources */,
				C174B24529F326C900176AD4 /* UDCharacterDataSource.swift in Sources */,
				C174B32129F6BAA200176AD4 /* NetworkManager.swift in Sources */,
				C1D3C34F2919018C000C522C /* Container.swift in Sources */,
				C1D3C3452917B816000C522C /* HomeViewModel.swift in Sources */,
				C1D3C3492917B952000C522C /* HomeRouter.swift in Sources */,
				C1D3C3332917B285000C522C /* Character.swift in Sources */,
				C174B32C29F6C70200176AD4 /* RickAndMortyCharacter.swift in Sources */,
				C174B33629F7D7A200176AD4 /* DisneyCharacterUseCase.swift in Sources */,
				C15BA611291AAD8700E0CF95 /* ListProtocols.swift in Sources */,
				C174B97F29F9107C00176AD4 /* MarvelCell.swift in Sources */,
				C174B97729F908D100176AD4 /* MarvelCharacterDTO.swift in Sources */,
				C174B24729F32A6F00176AD4 /* CacheManager.swift in Sources */,
				C178031D291673D800E9E0AE /* AppDelegate.swift in Sources */,
				C174B33429F7D64200176AD4 /* DisneyDataSource.swift in Sources */,
				C15BA613291AAE4D00E0CF95 /* CharacterRepository.swift in Sources */,
				C178031F291673D800E9E0AE /* SceneDelegate.swift in Sources */,
			);
			runOnlyForDeploymentPostprocessing = 0;
		};
/* End PBXSourcesBuildPhase section */

/* Begin PBXVariantGroup section */
		C1780327291673DA00E9E0AE /* LaunchScreen.storyboard */ = {
			isa = PBXVariantGroup;
			children = (
				C1780328291673DA00E9E0AE /* Base */,
			);
			name = LaunchScreen.storyboard;
			sourceTree = "<group>";
		};
/* End PBXVariantGroup section */

/* Begin XCBuildConfiguration section */
		C178032B291673DA00E9E0AE /* Debug */ = {
			isa = XCBuildConfiguration;
			buildSettings = {
				ALWAYS_SEARCH_USER_PATHS = NO;
				CLANG_ANALYZER_NONNULL = YES;
				CLANG_ANALYZER_NUMBER_OBJECT_CONVERSION = YES_AGGRESSIVE;
				CLANG_CXX_LANGUAGE_STANDARD = "gnu++20";
				CLANG_ENABLE_MODULES = YES;
				CLANG_ENABLE_OBJC_ARC = YES;
				CLANG_ENABLE_OBJC_WEAK = YES;
				CLANG_WARN_BLOCK_CAPTURE_AUTORELEASING = YES;
				CLANG_WARN_BOOL_CONVERSION = YES;
				CLANG_WARN_COMMA = YES;
				CLANG_WARN_CONSTANT_CONVERSION = YES;
				CLANG_WARN_DEPRECATED_OBJC_IMPLEMENTATIONS = YES;
				CLANG_WARN_DIRECT_OBJC_ISA_USAGE = YES_ERROR;
				CLANG_WARN_DOCUMENTATION_COMMENTS = YES;
				CLANG_WARN_EMPTY_BODY = YES;
				CLANG_WARN_ENUM_CONVERSION = YES;
				CLANG_WARN_INFINITE_RECURSION = YES;
				CLANG_WARN_INT_CONVERSION = YES;
				CLANG_WARN_NON_LITERAL_NULL_CONVERSION = YES;
				CLANG_WARN_OBJC_IMPLICIT_RETAIN_SELF = YES;
				CLANG_WARN_OBJC_LITERAL_CONVERSION = YES;
				CLANG_WARN_OBJC_ROOT_CLASS = YES_ERROR;
				CLANG_WARN_QUOTED_INCLUDE_IN_FRAMEWORK_HEADER = YES;
				CLANG_WARN_RANGE_LOOP_ANALYSIS = YES;
				CLANG_WARN_STRICT_PROTOTYPES = YES;
				CLANG_WARN_SUSPICIOUS_MOVE = YES;
				CLANG_WARN_UNGUARDED_AVAILABILITY = YES_AGGRESSIVE;
				CLANG_WARN_UNREACHABLE_CODE = YES;
				CLANG_WARN__DUPLICATE_METHOD_MATCH = YES;
				COPY_PHASE_STRIP = NO;
				DEBUG_INFORMATION_FORMAT = dwarf;
				ENABLE_STRICT_OBJC_MSGSEND = YES;
				ENABLE_TESTABILITY = YES;
				GCC_C_LANGUAGE_STANDARD = gnu11;
				GCC_DYNAMIC_NO_PIC = NO;
				GCC_NO_COMMON_BLOCKS = YES;
				GCC_OPTIMIZATION_LEVEL = 0;
				GCC_PREPROCESSOR_DEFINITIONS = (
					"DEBUG=1",
					"$(inherited)",
				);
				GCC_WARN_64_TO_32_BIT_CONVERSION = YES;
				GCC_WARN_ABOUT_RETURN_TYPE = YES_ERROR;
				GCC_WARN_UNDECLARED_SELECTOR = YES;
				GCC_WARN_UNINITIALIZED_AUTOS = YES_AGGRESSIVE;
				GCC_WARN_UNUSED_FUNCTION = YES;
				GCC_WARN_UNUSED_VARIABLE = YES;
				IPHONEOS_DEPLOYMENT_TARGET = 16.1;
				MTL_ENABLE_DEBUG_INFO = INCLUDE_SOURCE;
				MTL_FAST_MATH = YES;
				ONLY_ACTIVE_ARCH = YES;
				SDKROOT = iphoneos;
				SWIFT_ACTIVE_COMPILATION_CONDITIONS = DEBUG;
				SWIFT_OPTIMIZATION_LEVEL = "-Onone";
			};
			name = Debug;
		};
		C178032C291673DA00E9E0AE /* Release */ = {
			isa = XCBuildConfiguration;
			buildSettings = {
				ALWAYS_SEARCH_USER_PATHS = NO;
				CLANG_ANALYZER_NONNULL = YES;
				CLANG_ANALYZER_NUMBER_OBJECT_CONVERSION = YES_AGGRESSIVE;
				CLANG_CXX_LANGUAGE_STANDARD = "gnu++20";
				CLANG_ENABLE_MODULES = YES;
				CLANG_ENABLE_OBJC_ARC = YES;
				CLANG_ENABLE_OBJC_WEAK = YES;
				CLANG_WARN_BLOCK_CAPTURE_AUTORELEASING = YES;
				CLANG_WARN_BOOL_CONVERSION = YES;
				CLANG_WARN_COMMA = YES;
				CLANG_WARN_CONSTANT_CONVERSION = YES;
				CLANG_WARN_DEPRECATED_OBJC_IMPLEMENTATIONS = YES;
				CLANG_WARN_DIRECT_OBJC_ISA_USAGE = YES_ERROR;
				CLANG_WARN_DOCUMENTATION_COMMENTS = YES;
				CLANG_WARN_EMPTY_BODY = YES;
				CLANG_WARN_ENUM_CONVERSION = YES;
				CLANG_WARN_INFINITE_RECURSION = YES;
				CLANG_WARN_INT_CONVERSION = YES;
				CLANG_WARN_NON_LITERAL_NULL_CONVERSION = YES;
				CLANG_WARN_OBJC_IMPLICIT_RETAIN_SELF = YES;
				CLANG_WARN_OBJC_LITERAL_CONVERSION = YES;
				CLANG_WARN_OBJC_ROOT_CLASS = YES_ERROR;
				CLANG_WARN_QUOTED_INCLUDE_IN_FRAMEWORK_HEADER = YES;
				CLANG_WARN_RANGE_LOOP_ANALYSIS = YES;
				CLANG_WARN_STRICT_PROTOTYPES = YES;
				CLANG_WARN_SUSPICIOUS_MOVE = YES;
				CLANG_WARN_UNGUARDED_AVAILABILITY = YES_AGGRESSIVE;
				CLANG_WARN_UNREACHABLE_CODE = YES;
				CLANG_WARN__DUPLICATE_METHOD_MATCH = YES;
				COPY_PHASE_STRIP = NO;
				DEBUG_INFORMATION_FORMAT = "dwarf-with-dsym";
				ENABLE_NS_ASSERTIONS = NO;
				ENABLE_STRICT_OBJC_MSGSEND = YES;
				GCC_C_LANGUAGE_STANDARD = gnu11;
				GCC_NO_COMMON_BLOCKS = YES;
				GCC_WARN_64_TO_32_BIT_CONVERSION = YES;
				GCC_WARN_ABOUT_RETURN_TYPE = YES_ERROR;
				GCC_WARN_UNDECLARED_SELECTOR = YES;
				GCC_WARN_UNINITIALIZED_AUTOS = YES_AGGRESSIVE;
				GCC_WARN_UNUSED_FUNCTION = YES;
				GCC_WARN_UNUSED_VARIABLE = YES;
				IPHONEOS_DEPLOYMENT_TARGET = 16.1;
				MTL_ENABLE_DEBUG_INFO = NO;
				MTL_FAST_MATH = YES;
				SDKROOT = iphoneos;
				SWIFT_COMPILATION_MODE = wholemodule;
				SWIFT_OPTIMIZATION_LEVEL = "-O";
				VALIDATE_PRODUCT = YES;
			};
			name = Release;
		};
		C178032E291673DA00E9E0AE /* Debug */ = {
			isa = XCBuildConfiguration;
			buildSettings = {
				ASSETCATALOG_COMPILER_APPICON_NAME = AppIcon;
				ASSETCATALOG_COMPILER_GLOBAL_ACCENT_COLOR_NAME = AccentColor;
				CODE_SIGN_STYLE = Automatic;
				CURRENT_PROJECT_VERSION = 1;
				DEVELOPMENT_TEAM = R88CDNMKLQ;
				GENERATE_INFOPLIST_FILE = YES;
				INFOPLIST_FILE = clean/Resources/Info.plist;
				INFOPLIST_KEY_UIApplicationSupportsIndirectInputEvents = YES;
				INFOPLIST_KEY_UILaunchStoryboardName = LaunchScreen;
				INFOPLIST_KEY_UISupportedInterfaceOrientations_iPad = "UIInterfaceOrientationPortrait UIInterfaceOrientationPortraitUpsideDown UIInterfaceOrientationLandscapeLeft UIInterfaceOrientationLandscapeRight";
				INFOPLIST_KEY_UISupportedInterfaceOrientations_iPhone = "UIInterfaceOrientationPortrait UIInterfaceOrientationLandscapeLeft UIInterfaceOrientationLandscapeRight";
				LD_RUNPATH_SEARCH_PATHS = (
					"$(inherited)",
					"@executable_path/Frameworks",
				);
				MARKETING_VERSION = 1.0;
				PRODUCT_BUNDLE_IDENTIFIER = es.fernandosalom.clean;
				PRODUCT_NAME = "$(TARGET_NAME)";
				SWIFT_EMIT_LOC_STRINGS = YES;
				SWIFT_VERSION = 5.0;
				TARGETED_DEVICE_FAMILY = "1,2";
			};
			name = Debug;
		};
		C178032F291673DA00E9E0AE /* Release */ = {
			isa = XCBuildConfiguration;
			buildSettings = {
				ASSETCATALOG_COMPILER_APPICON_NAME = AppIcon;
				ASSETCATALOG_COMPILER_GLOBAL_ACCENT_COLOR_NAME = AccentColor;
				CODE_SIGN_STYLE = Automatic;
				CURRENT_PROJECT_VERSION = 1;
				DEVELOPMENT_TEAM = R88CDNMKLQ;
				GENERATE_INFOPLIST_FILE = YES;
				INFOPLIST_FILE = clean/Resources/Info.plist;
				INFOPLIST_KEY_UIApplicationSupportsIndirectInputEvents = YES;
				INFOPLIST_KEY_UILaunchStoryboardName = LaunchScreen;
				INFOPLIST_KEY_UISupportedInterfaceOrientations_iPad = "UIInterfaceOrientationPortrait UIInterfaceOrientationPortraitUpsideDown UIInterfaceOrientationLandscapeLeft UIInterfaceOrientationLandscapeRight";
				INFOPLIST_KEY_UISupportedInterfaceOrientations_iPhone = "UIInterfaceOrientationPortrait UIInterfaceOrientationLandscapeLeft UIInterfaceOrientationLandscapeRight";
				LD_RUNPATH_SEARCH_PATHS = (
					"$(inherited)",
					"@executable_path/Frameworks",
				);
				MARKETING_VERSION = 1.0;
				PRODUCT_BUNDLE_IDENTIFIER = es.fernandosalom.clean;
				PRODUCT_NAME = "$(TARGET_NAME)";
				SWIFT_EMIT_LOC_STRINGS = YES;
				SWIFT_VERSION = 5.0;
				TARGETED_DEVICE_FAMILY = "1,2";
			};
			name = Release;
		};
/* End XCBuildConfiguration section */

/* Begin XCConfigurationList section */
		C1780314291673D800E9E0AE /* Build configuration list for PBXProject "clean" */ = {
			isa = XCConfigurationList;
			buildConfigurations = (
				C178032B291673DA00E9E0AE /* Debug */,
				C178032C291673DA00E9E0AE /* Release */,
			);
			defaultConfigurationIsVisible = 0;
			defaultConfigurationName = Release;
		};
		C178032D291673DA00E9E0AE /* Build configuration list for PBXNativeTarget "clean" */ = {
			isa = XCConfigurationList;
			buildConfigurations = (
				C178032E291673DA00E9E0AE /* Debug */,
				C178032F291673DA00E9E0AE /* Release */,
			);
			defaultConfigurationIsVisible = 0;
			defaultConfigurationName = Release;
		};
/* End XCConfigurationList section */
	};
	rootObject = C1780311291673D800E9E0AE /* Project object */;
}
